
Microsoft Visual Studio Solution File, Format Version 12.00
# Visual Studio Version 16
VisualStudioVersion = 16.0.31624.102
MinimumVisualStudioVersion = 10.0.40219.1
Project("{2150E333-8FDC-42A3-9474-1A3956D46DE8}") = "Mine", "Mine", "{F203EDB6-6EEE-4B4F-9E5F-97B83D3F43A0}"
EndProject
Project("{8BC9CEB8-8B4A-11D0-8D11-00A0C91BC942}") = "ArrayCirculerQueue", "ArrayCirculerQueue\ArrayCirculerQueue.vcxproj", "{64C41EB5-A11A-4D87-8F2F-045561054321}"
EndProject
Project("{8BC9CEB8-8B4A-11D0-8D11-00A0C91BC942}") = "MaBangZin", "MaBangZin\MaBangZin.vcxproj", "{E28FE467-DD32-43D9-8B80-0732206C1F8D}"
EndProject
Project("{8BC9CEB8-8B4A-11D0-8D11-00A0C91BC942}") = "ArrayStack", "Stack\Stack.vcxproj", "{B2333B50-16AC-4ABD-9AE0-164A59237C52}"
EndProject
Project("{8BC9CEB8-8B4A-11D0-8D11-00A0C91BC942}") = "LinkedList", "LinkedList\LinkedList.vcxproj", "{4311C716-7B01-4D9F-96F9-CEE8ADD36746}"
EndProject
Project("{8BC9CEB8-8B4A-11D0-8D11-00A0C91BC942}") = "TemplateLinkedList", "TemplateLinkedList\TemplateLinkedList.vcxproj", "{7FE77D7B-28F0-4595-A79B-D9A7BA7C0542}"
EndProject
Global
	GlobalSection(SolutionConfigurationPlatforms) = preSolution
		Debug|x64 = Debug|x64
		Debug|x86 = Debug|x86
		Release|x64 = Release|x64
		Release|x86 = Release|x86
	EndGlobalSection
	GlobalSection(ProjectConfigurationPlatforms) = postSolution
		{64C41EB5-A11A-4D87-8F2F-045561054321}.Debug|x64.ActiveCfg = Debug|x64
		{64C41EB5-A11A-4D87-8F2F-045561054321}.Debug|x64.Build.0 = Debug|x64
		{64C41EB5-A11A-4D87-8F2F-045561054321}.Debug|x86.ActiveCfg = Debug|Win32
		{64C41EB5-A11A-4D87-8F2F-045561054321}.Debug|x86.Build.0 = Debug|Win32
		{64C41EB5-A11A-4D87-8F2F-045561054321}.Release|x64.ActiveCfg = Release|x64
		{64C41EB5-A11A-4D87-8F2F-045561054321}.Release|x64.Build.0 = Release|x64
		{64C41EB5-A11A-4D87-8F2F-045561054321}.Release|x86.ActiveCfg = Release|Win32
		{64C41EB5-A11A-4D87-8F2F-045561054321}.Release|x86.Build.0 = Release|Win32
		{E28FE467-DD32-43D9-8B80-0732206C1F8D}.Debug|x64.ActiveCfg = Debug|x64
		{E28FE467-DD32-43D9-8B80-0732206C1F8D}.Debug|x64.Build.0 = Debug|x64
		{E28FE467-DD32-43D9-8B80-0732206C1F8D}.Debug|x86.ActiveCfg = Debug|Win32
		{E28FE467-DD32-43D9-8B80-0732206C1F8D}.Debug|x86.Build.0 = Debug|Win32
		{E28FE467-DD32-43D9-8B80-0732206C1F8D}.Release|x64.ActiveCfg = Release|x64
		{E28FE467-DD32-43D9-8B80-0732206C1F8D}.Release|x64.Build.0 = Release|x64
		{E28FE467-DD32-43D9-8B80-0732206C1F8D}.Release|x86.ActiveCfg = Release|Win32
		{E28FE467-DD32-43D9-8B80-0732206C1F8D}.Release|x86.Build.0 = Release|Win32
		{B2333B50-16AC-4ABD-9AE0-164A59237C52}.Debug|x64.ActiveCfg = Debug|x64
		{B2333B50-16AC-4ABD-9AE0-164A59237C52}.Debug|x64.Build.0 = Debug|x64
		{B2333B50-16AC-4ABD-9AE0-164A59237C52}.Debug|x86.ActiveCfg = Debug|Win32
		{B2333B50-16AC-4ABD-9AE0-164A59237C52}.Debug|x86.Build.0 = Debug|Win32
		{B2333B50-16AC-4ABD-9AE0-164A59237C52}.Release|x64.ActiveCfg = Release|x64
		{B2333B50-16AC-4ABD-9AE0-164A59237C52}.Release|x64.Build.0 = Release|x64
		{B2333B50-16AC-4ABD-9AE0-164A59237C52}.Release|x86.ActiveCfg = Release|Win32
		{B2333B50-16AC-4ABD-9AE0-164A59237C52}.Release|x86.Build.0 = Release|Win32
		{4311C716-7B01-4D9F-96F9-CEE8ADD36746}.Debug|x64.ActiveCfg = Debug|x64
		{4311C716-7B01-4D9F-96F9-CEE8ADD36746}.Debug|x64.Build.0 = Debug|x64
		{4311C716-7B01-4D9F-96F9-CEE8ADD36746}.Debug|x86.ActiveCfg = Debug|Win32
		{4311C716-7B01-4D9F-96F9-CEE8ADD36746}.Debug|x86.Build.0 = Debug|Win32
		{4311C716-7B01-4D9F-96F9-CEE8ADD36746}.Release|x64.ActiveCfg = Release|x64
		{4311C716-7B01-4D9F-96F9-CEE8ADD36746}.Release|x64.Build.0 = Release|x64
		{4311C716-7B01-4D9F-96F9-CEE8ADD36746}.Release|x86.ActiveCfg = Release|Win32
		{4311C716-7B01-4D9F-96F9-CEE8ADD36746}.Release|x86.Build.0 = Release|Win32
		{7FE77D7B-28F0-4595-A79B-D9A7BA7C0542}.Debug|x64.ActiveCfg = Debug|x64
		{7FE77D7B-28F0-4595-A79B-D9A7BA7C0542}.Debug|x64.Build.0 = Debug|x64
		{7FE77D7B-28F0-4595-A79B-D9A7BA7C0542}.Debug|x86.ActiveCfg = Debug|Win32
		{7FE77D7B-28F0-4595-A79B-D9A7BA7C0542}.Debug|x86.Build.0 = Debug|Win32
		{7FE77D7B-28F0-4595-A79B-D9A7BA7C0542}.Release|x64.ActiveCfg = Release|x64
		{7FE77D7B-28F0-4595-A79B-D9A7BA7C0542}.Release|x64.Build.0 = Release|x64
		{7FE77D7B-28F0-4595-A79B-D9A7BA7C0542}.Release|x86.ActiveCfg = Release|Win32
		{7FE77D7B-28F0-4595-A79B-D9A7BA7C0542}.Release|x86.Build.0 = Release|Win32
	EndGlobalSection
	GlobalSection(SolutionProperties) = preSolution
		HideSolutionNode = FALSE
	EndGlobalSection
	GlobalSection(NestedProjects) = preSolution
		{64C41EB5-A11A-4D87-8F2F-045561054321} = {F203EDB6-6EEE-4B4F-9E5F-97B83D3F43A0}
		{E28FE467-DD32-43D9-8B80-0732206C1F8D} = {F203EDB6-6EEE-4B4F-9E5F-97B83D3F43A0}
		{B2333B50-16AC-4ABD-9AE0-164A59237C52} = {F203EDB6-6EEE-4B4F-9E5F-97B83D3F43A0}
		{4311C716-7B01-4D9F-96F9-CEE8ADD36746} = {F203EDB6-6EEE-4B4F-9E5F-97B83D3F43A0}
		{7FE77D7B-28F0-4595-A79B-D9A7BA7C0542} = {F203EDB6-6EEE-4B4F-9E5F-97B83D3F43A0}
	EndGlobalSection
	GlobalSection(ExtensibilityGlobals) = postSolution
		SolutionGuid = {FA40B136-CD6E-4BA2-819E-6B5470065A2D}
	EndGlobalSection
EndGlobal
