
Microsoft Visual Studio Solution File, Format Version 12.00
# Visual Studio Version 16
VisualStudioVersion = 16.0.31624.102
MinimumVisualStudioVersion = 10.0.40219.1
Project("{8BC9CEB8-8B4A-11D0-8D11-00A0C91BC942}") = "EngineCore", "EngineCore\EngineCore.vcxproj", "{8B12B561-111C-45DC-8E51-7643BEEBC7EA}"
EndProject
Project("{8BC9CEB8-8B4A-11D0-8D11-00A0C91BC942}") = "SampleLib", "SampleLib\SampleLib.vcxproj", "{6D55D914-D4F7-4F0C-950A-EFDE31659652}"
EndProject
Project("{8BC9CEB8-8B4A-11D0-8D11-00A0C91BC942}") = "SampleMap", "SampleMap\SampleMap.vcxproj", "{AE52FFA3-4938-4EB1-AB7C-F72E462E4CA6}"
EndProject
Project("{2150E333-8FDC-42A3-9474-1A3956D46DE8}") = "Practice", "Practice", "{053D694D-2673-4D71-9D4C-22A1BA36B194}"
EndProject
Project("{8BC9CEB8-8B4A-11D0-8D11-00A0C91BC942}") = "SampleInput", "Practice\SampleInput\SampleInput.vcxproj", "{B49AB26A-8228-4C1F-B03F-BE6BCD4BDCD9}"
EndProject
Global
	GlobalSection(SolutionConfigurationPlatforms) = preSolution
		Debug|x64 = Debug|x64
		Debug|x86 = Debug|x86
		Release|x64 = Release|x64
		Release|x86 = Release|x86
	EndGlobalSection
	GlobalSection(ProjectConfigurationPlatforms) = postSolution
		{8B12B561-111C-45DC-8E51-7643BEEBC7EA}.Debug|x64.ActiveCfg = Debug|x64
		{8B12B561-111C-45DC-8E51-7643BEEBC7EA}.Debug|x64.Build.0 = Debug|x64
		{8B12B561-111C-45DC-8E51-7643BEEBC7EA}.Debug|x86.ActiveCfg = Debug|Win32
		{8B12B561-111C-45DC-8E51-7643BEEBC7EA}.Debug|x86.Build.0 = Debug|Win32
		{8B12B561-111C-45DC-8E51-7643BEEBC7EA}.Release|x64.ActiveCfg = Release|x64
		{8B12B561-111C-45DC-8E51-7643BEEBC7EA}.Release|x64.Build.0 = Release|x64
		{8B12B561-111C-45DC-8E51-7643BEEBC7EA}.Release|x86.ActiveCfg = Release|Win32
		{8B12B561-111C-45DC-8E51-7643BEEBC7EA}.Release|x86.Build.0 = Release|Win32
		{6D55D914-D4F7-4F0C-950A-EFDE31659652}.Debug|x64.ActiveCfg = Debug|x64
		{6D55D914-D4F7-4F0C-950A-EFDE31659652}.Debug|x64.Build.0 = Debug|x64
		{6D55D914-D4F7-4F0C-950A-EFDE31659652}.Debug|x86.ActiveCfg = Debug|Win32
		{6D55D914-D4F7-4F0C-950A-EFDE31659652}.Debug|x86.Build.0 = Debug|Win32
		{6D55D914-D4F7-4F0C-950A-EFDE31659652}.Release|x64.ActiveCfg = Release|x64
		{6D55D914-D4F7-4F0C-950A-EFDE31659652}.Release|x64.Build.0 = Release|x64
		{6D55D914-D4F7-4F0C-950A-EFDE31659652}.Release|x86.ActiveCfg = Release|Win32
		{6D55D914-D4F7-4F0C-950A-EFDE31659652}.Release|x86.Build.0 = Release|Win32
		{AE52FFA3-4938-4EB1-AB7C-F72E462E4CA6}.Debug|x64.ActiveCfg = Debug|x64
		{AE52FFA3-4938-4EB1-AB7C-F72E462E4CA6}.Debug|x64.Build.0 = Debug|x64
		{AE52FFA3-4938-4EB1-AB7C-F72E462E4CA6}.Debug|x86.ActiveCfg = Debug|Win32
		{AE52FFA3-4938-4EB1-AB7C-F72E462E4CA6}.Debug|x86.Build.0 = Debug|Win32
		{AE52FFA3-4938-4EB1-AB7C-F72E462E4CA6}.Release|x64.ActiveCfg = Release|x64
		{AE52FFA3-4938-4EB1-AB7C-F72E462E4CA6}.Release|x64.Build.0 = Release|x64
		{AE52FFA3-4938-4EB1-AB7C-F72E462E4CA6}.Release|x86.ActiveCfg = Release|Win32
		{AE52FFA3-4938-4EB1-AB7C-F72E462E4CA6}.Release|x86.Build.0 = Release|Win32
		{B49AB26A-8228-4C1F-B03F-BE6BCD4BDCD9}.Debug|x64.ActiveCfg = Debug|x64
		{B49AB26A-8228-4C1F-B03F-BE6BCD4BDCD9}.Debug|x64.Build.0 = Debug|x64
		{B49AB26A-8228-4C1F-B03F-BE6BCD4BDCD9}.Debug|x86.ActiveCfg = Debug|Win32
		{B49AB26A-8228-4C1F-B03F-BE6BCD4BDCD9}.Debug|x86.Build.0 = Debug|Win32
		{B49AB26A-8228-4C1F-B03F-BE6BCD4BDCD9}.Release|x64.ActiveCfg = Release|x64
		{B49AB26A-8228-4C1F-B03F-BE6BCD4BDCD9}.Release|x64.Build.0 = Release|x64
		{B49AB26A-8228-4C1F-B03F-BE6BCD4BDCD9}.Release|x86.ActiveCfg = Release|Win32
		{B49AB26A-8228-4C1F-B03F-BE6BCD4BDCD9}.Release|x86.Build.0 = Release|Win32
	EndGlobalSection
	GlobalSection(SolutionProperties) = preSolution
		HideSolutionNode = FALSE
	EndGlobalSection
	GlobalSection(NestedProjects) = preSolution
		{B49AB26A-8228-4C1F-B03F-BE6BCD4BDCD9} = {053D694D-2673-4D71-9D4C-22A1BA36B194}
	EndGlobalSection
	GlobalSection(ExtensibilityGlobals) = postSolution
		SolutionGuid = {CE193472-19FA-4E4D-84EB-D0A03D209243}
	EndGlobalSection
EndGlobal
