
Microsoft Visual Studio Solution File, Format Version 12.00
# Visual Studio Version 16
VisualStudioVersion = 16.0.31624.102
MinimumVisualStudioVersion = 10.0.40219.1
Project("{8BC9CEB8-8B4A-11D0-8D11-00A0C91BC942}") = "EngineCore", "EngineCore\EngineCore.vcxproj", "{8B12B561-111C-45DC-8E51-7643BEEBC7EA}"
EndProject
Project("{8BC9CEB8-8B4A-11D0-8D11-00A0C91BC942}") = "SampleLib", "SampleLib\SampleLib.vcxproj", "{6D55D914-D4F7-4F0C-950A-EFDE31659652}"
EndProject
Project("{2150E333-8FDC-42A3-9474-1A3956D46DE8}") = "Practice", "Practice", "{053D694D-2673-4D71-9D4C-22A1BA36B194}"
EndProject
Project("{8BC9CEB8-8B4A-11D0-8D11-00A0C91BC942}") = "SampleInput", "Practice\SampleInput\SampleInput.vcxproj", "{B49AB26A-8228-4C1F-B03F-BE6BCD4BDCD9}"
EndProject
Project("{8BC9CEB8-8B4A-11D0-8D11-00A0C91BC942}") = "WindowSample", "Practice\WindowSample\WindowSample.vcxproj", "{A8788971-CCAA-4FF7-B3A5-BFE444578070}"
EndProject
Project("{8BC9CEB8-8B4A-11D0-8D11-00A0C91BC942}") = "CreateWindow", "Practice\CreateWindow\CreateWindow.vcxproj", "{6ABA300B-1002-4F2D-A1BE-1710AC3BB3FB}"
EndProject
Project("{8BC9CEB8-8B4A-11D0-8D11-00A0C91BC942}") = "VertexRender", "VertexRender\VertexRender.vcxproj", "{2AA23347-E910-4CBD-A229-6E92F7FEE895}"
EndProject
Project("{8BC9CEB8-8B4A-11D0-8D11-00A0C91BC942}") = "SampleLib_Box", "SampleLib_Box\SampleLib_Box.vcxproj", "{590A2D84-6728-4006-9371-99E848D4EE1C}"
EndProject
Project("{8BC9CEB8-8B4A-11D0-8D11-00A0C91BC942}") = "SampleLib_Map", "SampleLib_Map\SampleLib_Map.vcxproj", "{BF8464CC-2886-404C-9BB7-E1F188B1B946}"
EndProject
Project("{8BC9CEB8-8B4A-11D0-8D11-00A0C91BC942}") = "DirectXTK_Desktop_2019_Win10", "..\..\..\KGCA\KGCA40\KGCA40\DirectXTK-master\DirectXTK_Desktop_2019_Win10.vcxproj", "{E0B52AE7-E160-4D32-BF3F-910B785E5A8E}"
EndProject
Project("{8BC9CEB8-8B4A-11D0-8D11-00A0C91BC942}") = "SampleLib_Quadtree", "SampleLib_Quadtree\SampleLib_Quadtree.vcxproj", "{C769D45D-3B5C-400C-83C1-13FB950397F4}"
EndProject
Project("{8BC9CEB8-8B4A-11D0-8D11-00A0C91BC942}") = "SampleQuadtree", "test\SampleQuadtree.vcxproj", "{318044D6-B61E-4E9D-AC17-58121D26CD7C}"
EndProject
Project("{2150E333-8FDC-42A3-9474-1A3956D46DE8}") = "Solution Items", "Solution Items", "{B525CCA3-3BC5-43C6-9425-82DF4AE91756}"
	ProjectSection(SolutionItems) = preProject
		TextFile1.txt = TextFile1.txt
	EndProjectSection
EndProject
Global
	GlobalSection(SolutionConfigurationPlatforms) = preSolution
		Debug|ARM64 = Debug|ARM64
		Debug|x64 = Debug|x64
		Debug|x86 = Debug|x86
		Release|ARM64 = Release|ARM64
		Release|x64 = Release|x64
		Release|x86 = Release|x86
	EndGlobalSection
	GlobalSection(ProjectConfigurationPlatforms) = postSolution
		{8B12B561-111C-45DC-8E51-7643BEEBC7EA}.Debug|ARM64.ActiveCfg = Debug|Win32
		{8B12B561-111C-45DC-8E51-7643BEEBC7EA}.Debug|x64.ActiveCfg = Debug|x64
		{8B12B561-111C-45DC-8E51-7643BEEBC7EA}.Debug|x64.Build.0 = Debug|x64
		{8B12B561-111C-45DC-8E51-7643BEEBC7EA}.Debug|x86.ActiveCfg = Debug|Win32
		{8B12B561-111C-45DC-8E51-7643BEEBC7EA}.Debug|x86.Build.0 = Debug|Win32
		{8B12B561-111C-45DC-8E51-7643BEEBC7EA}.Release|ARM64.ActiveCfg = Release|Win32
		{8B12B561-111C-45DC-8E51-7643BEEBC7EA}.Release|x64.ActiveCfg = Release|x64
		{8B12B561-111C-45DC-8E51-7643BEEBC7EA}.Release|x64.Build.0 = Release|x64
		{8B12B561-111C-45DC-8E51-7643BEEBC7EA}.Release|x86.ActiveCfg = Release|Win32
		{8B12B561-111C-45DC-8E51-7643BEEBC7EA}.Release|x86.Build.0 = Release|Win32
		{6D55D914-D4F7-4F0C-950A-EFDE31659652}.Debug|ARM64.ActiveCfg = Debug|Win32
		{6D55D914-D4F7-4F0C-950A-EFDE31659652}.Debug|x64.ActiveCfg = Debug|x64
		{6D55D914-D4F7-4F0C-950A-EFDE31659652}.Debug|x64.Build.0 = Debug|x64
		{6D55D914-D4F7-4F0C-950A-EFDE31659652}.Debug|x86.ActiveCfg = Debug|Win32
		{6D55D914-D4F7-4F0C-950A-EFDE31659652}.Debug|x86.Build.0 = Debug|Win32
		{6D55D914-D4F7-4F0C-950A-EFDE31659652}.Release|ARM64.ActiveCfg = Release|Win32
		{6D55D914-D4F7-4F0C-950A-EFDE31659652}.Release|x64.ActiveCfg = Release|x64
		{6D55D914-D4F7-4F0C-950A-EFDE31659652}.Release|x64.Build.0 = Release|x64
		{6D55D914-D4F7-4F0C-950A-EFDE31659652}.Release|x86.ActiveCfg = Release|Win32
		{6D55D914-D4F7-4F0C-950A-EFDE31659652}.Release|x86.Build.0 = Release|Win32
		{B49AB26A-8228-4C1F-B03F-BE6BCD4BDCD9}.Debug|ARM64.ActiveCfg = Debug|Win32
		{B49AB26A-8228-4C1F-B03F-BE6BCD4BDCD9}.Debug|x64.ActiveCfg = Debug|x64
		{B49AB26A-8228-4C1F-B03F-BE6BCD4BDCD9}.Debug|x64.Build.0 = Debug|x64
		{B49AB26A-8228-4C1F-B03F-BE6BCD4BDCD9}.Debug|x86.ActiveCfg = Debug|Win32
		{B49AB26A-8228-4C1F-B03F-BE6BCD4BDCD9}.Debug|x86.Build.0 = Debug|Win32
		{B49AB26A-8228-4C1F-B03F-BE6BCD4BDCD9}.Release|ARM64.ActiveCfg = Release|Win32
		{B49AB26A-8228-4C1F-B03F-BE6BCD4BDCD9}.Release|x64.ActiveCfg = Release|x64
		{B49AB26A-8228-4C1F-B03F-BE6BCD4BDCD9}.Release|x64.Build.0 = Release|x64
		{B49AB26A-8228-4C1F-B03F-BE6BCD4BDCD9}.Release|x86.ActiveCfg = Release|Win32
		{B49AB26A-8228-4C1F-B03F-BE6BCD4BDCD9}.Release|x86.Build.0 = Release|Win32
		{A8788971-CCAA-4FF7-B3A5-BFE444578070}.Debug|ARM64.ActiveCfg = Debug|Win32
		{A8788971-CCAA-4FF7-B3A5-BFE444578070}.Debug|x64.ActiveCfg = Debug|x64
		{A8788971-CCAA-4FF7-B3A5-BFE444578070}.Debug|x64.Build.0 = Debug|x64
		{A8788971-CCAA-4FF7-B3A5-BFE444578070}.Debug|x86.ActiveCfg = Debug|Win32
		{A8788971-CCAA-4FF7-B3A5-BFE444578070}.Debug|x86.Build.0 = Debug|Win32
		{A8788971-CCAA-4FF7-B3A5-BFE444578070}.Release|ARM64.ActiveCfg = Release|Win32
		{A8788971-CCAA-4FF7-B3A5-BFE444578070}.Release|x64.ActiveCfg = Release|x64
		{A8788971-CCAA-4FF7-B3A5-BFE444578070}.Release|x64.Build.0 = Release|x64
		{A8788971-CCAA-4FF7-B3A5-BFE444578070}.Release|x86.ActiveCfg = Release|Win32
		{A8788971-CCAA-4FF7-B3A5-BFE444578070}.Release|x86.Build.0 = Release|Win32
		{6ABA300B-1002-4F2D-A1BE-1710AC3BB3FB}.Debug|ARM64.ActiveCfg = Debug|Win32
		{6ABA300B-1002-4F2D-A1BE-1710AC3BB3FB}.Debug|x64.ActiveCfg = Debug|x64
		{6ABA300B-1002-4F2D-A1BE-1710AC3BB3FB}.Debug|x64.Build.0 = Debug|x64
		{6ABA300B-1002-4F2D-A1BE-1710AC3BB3FB}.Debug|x86.ActiveCfg = Debug|Win32
		{6ABA300B-1002-4F2D-A1BE-1710AC3BB3FB}.Debug|x86.Build.0 = Debug|Win32
		{6ABA300B-1002-4F2D-A1BE-1710AC3BB3FB}.Release|ARM64.ActiveCfg = Release|Win32
		{6ABA300B-1002-4F2D-A1BE-1710AC3BB3FB}.Release|x64.ActiveCfg = Release|x64
		{6ABA300B-1002-4F2D-A1BE-1710AC3BB3FB}.Release|x64.Build.0 = Release|x64
		{6ABA300B-1002-4F2D-A1BE-1710AC3BB3FB}.Release|x86.ActiveCfg = Release|Win32
		{6ABA300B-1002-4F2D-A1BE-1710AC3BB3FB}.Release|x86.Build.0 = Release|Win32
		{2AA23347-E910-4CBD-A229-6E92F7FEE895}.Debug|ARM64.ActiveCfg = Debug|Win32
		{2AA23347-E910-4CBD-A229-6E92F7FEE895}.Debug|x64.ActiveCfg = Debug|x64
		{2AA23347-E910-4CBD-A229-6E92F7FEE895}.Debug|x64.Build.0 = Debug|x64
		{2AA23347-E910-4CBD-A229-6E92F7FEE895}.Debug|x86.ActiveCfg = Debug|Win32
		{2AA23347-E910-4CBD-A229-6E92F7FEE895}.Debug|x86.Build.0 = Debug|Win32
		{2AA23347-E910-4CBD-A229-6E92F7FEE895}.Release|ARM64.ActiveCfg = Release|Win32
		{2AA23347-E910-4CBD-A229-6E92F7FEE895}.Release|x64.ActiveCfg = Release|x64
		{2AA23347-E910-4CBD-A229-6E92F7FEE895}.Release|x64.Build.0 = Release|x64
		{2AA23347-E910-4CBD-A229-6E92F7FEE895}.Release|x86.ActiveCfg = Release|Win32
		{2AA23347-E910-4CBD-A229-6E92F7FEE895}.Release|x86.Build.0 = Release|Win32
		{590A2D84-6728-4006-9371-99E848D4EE1C}.Debug|ARM64.ActiveCfg = Debug|Win32
		{590A2D84-6728-4006-9371-99E848D4EE1C}.Debug|x64.ActiveCfg = Debug|x64
		{590A2D84-6728-4006-9371-99E848D4EE1C}.Debug|x64.Build.0 = Debug|x64
		{590A2D84-6728-4006-9371-99E848D4EE1C}.Debug|x86.ActiveCfg = Debug|Win32
		{590A2D84-6728-4006-9371-99E848D4EE1C}.Debug|x86.Build.0 = Debug|Win32
		{590A2D84-6728-4006-9371-99E848D4EE1C}.Release|ARM64.ActiveCfg = Release|Win32
		{590A2D84-6728-4006-9371-99E848D4EE1C}.Release|x64.ActiveCfg = Release|x64
		{590A2D84-6728-4006-9371-99E848D4EE1C}.Release|x64.Build.0 = Release|x64
		{590A2D84-6728-4006-9371-99E848D4EE1C}.Release|x86.ActiveCfg = Release|Win32
		{590A2D84-6728-4006-9371-99E848D4EE1C}.Release|x86.Build.0 = Release|Win32
		{BF8464CC-2886-404C-9BB7-E1F188B1B946}.Debug|ARM64.ActiveCfg = Debug|Win32
		{BF8464CC-2886-404C-9BB7-E1F188B1B946}.Debug|x64.ActiveCfg = Debug|x64
		{BF8464CC-2886-404C-9BB7-E1F188B1B946}.Debug|x64.Build.0 = Debug|x64
		{BF8464CC-2886-404C-9BB7-E1F188B1B946}.Debug|x86.ActiveCfg = Debug|Win32
		{BF8464CC-2886-404C-9BB7-E1F188B1B946}.Debug|x86.Build.0 = Debug|Win32
		{BF8464CC-2886-404C-9BB7-E1F188B1B946}.Release|ARM64.ActiveCfg = Release|Win32
		{BF8464CC-2886-404C-9BB7-E1F188B1B946}.Release|x64.ActiveCfg = Release|x64
		{BF8464CC-2886-404C-9BB7-E1F188B1B946}.Release|x64.Build.0 = Release|x64
		{BF8464CC-2886-404C-9BB7-E1F188B1B946}.Release|x86.ActiveCfg = Release|Win32
		{BF8464CC-2886-404C-9BB7-E1F188B1B946}.Release|x86.Build.0 = Release|Win32
		{E0B52AE7-E160-4D32-BF3F-910B785E5A8E}.Debug|ARM64.ActiveCfg = Debug|ARM64
		{E0B52AE7-E160-4D32-BF3F-910B785E5A8E}.Debug|ARM64.Build.0 = Debug|ARM64
		{E0B52AE7-E160-4D32-BF3F-910B785E5A8E}.Debug|x64.ActiveCfg = Debug|x64
		{E0B52AE7-E160-4D32-BF3F-910B785E5A8E}.Debug|x64.Build.0 = Debug|x64
		{E0B52AE7-E160-4D32-BF3F-910B785E5A8E}.Debug|x86.ActiveCfg = Debug|Win32
		{E0B52AE7-E160-4D32-BF3F-910B785E5A8E}.Debug|x86.Build.0 = Debug|Win32
		{E0B52AE7-E160-4D32-BF3F-910B785E5A8E}.Release|ARM64.ActiveCfg = Release|ARM64
		{E0B52AE7-E160-4D32-BF3F-910B785E5A8E}.Release|ARM64.Build.0 = Release|ARM64
		{E0B52AE7-E160-4D32-BF3F-910B785E5A8E}.Release|x64.ActiveCfg = Release|x64
		{E0B52AE7-E160-4D32-BF3F-910B785E5A8E}.Release|x64.Build.0 = Release|x64
		{E0B52AE7-E160-4D32-BF3F-910B785E5A8E}.Release|x86.ActiveCfg = Release|Win32
		{E0B52AE7-E160-4D32-BF3F-910B785E5A8E}.Release|x86.Build.0 = Release|Win32
		{C769D45D-3B5C-400C-83C1-13FB950397F4}.Debug|ARM64.ActiveCfg = Debug|Win32
		{C769D45D-3B5C-400C-83C1-13FB950397F4}.Debug|x64.ActiveCfg = Debug|x64
		{C769D45D-3B5C-400C-83C1-13FB950397F4}.Debug|x64.Build.0 = Debug|x64
		{C769D45D-3B5C-400C-83C1-13FB950397F4}.Debug|x86.ActiveCfg = Debug|Win32
		{C769D45D-3B5C-400C-83C1-13FB950397F4}.Debug|x86.Build.0 = Debug|Win32
		{C769D45D-3B5C-400C-83C1-13FB950397F4}.Release|ARM64.ActiveCfg = Release|Win32
		{C769D45D-3B5C-400C-83C1-13FB950397F4}.Release|x64.ActiveCfg = Release|x64
		{C769D45D-3B5C-400C-83C1-13FB950397F4}.Release|x64.Build.0 = Release|x64
		{C769D45D-3B5C-400C-83C1-13FB950397F4}.Release|x86.ActiveCfg = Release|Win32
		{C769D45D-3B5C-400C-83C1-13FB950397F4}.Release|x86.Build.0 = Release|Win32
		{318044D6-B61E-4E9D-AC17-58121D26CD7C}.Debug|ARM64.ActiveCfg = Debug|Win32
		{318044D6-B61E-4E9D-AC17-58121D26CD7C}.Debug|x64.ActiveCfg = Debug|x64
		{318044D6-B61E-4E9D-AC17-58121D26CD7C}.Debug|x64.Build.0 = Debug|x64
		{318044D6-B61E-4E9D-AC17-58121D26CD7C}.Debug|x86.ActiveCfg = Debug|Win32
		{318044D6-B61E-4E9D-AC17-58121D26CD7C}.Debug|x86.Build.0 = Debug|Win32
		{318044D6-B61E-4E9D-AC17-58121D26CD7C}.Release|ARM64.ActiveCfg = Release|Win32
		{318044D6-B61E-4E9D-AC17-58121D26CD7C}.Release|x64.ActiveCfg = Release|x64
		{318044D6-B61E-4E9D-AC17-58121D26CD7C}.Release|x64.Build.0 = Release|x64
		{318044D6-B61E-4E9D-AC17-58121D26CD7C}.Release|x86.ActiveCfg = Release|Win32
		{318044D6-B61E-4E9D-AC17-58121D26CD7C}.Release|x86.Build.0 = Release|Win32
	EndGlobalSection
	GlobalSection(SolutionProperties) = preSolution
		HideSolutionNode = FALSE
	EndGlobalSection
	GlobalSection(NestedProjects) = preSolution
		{B49AB26A-8228-4C1F-B03F-BE6BCD4BDCD9} = {053D694D-2673-4D71-9D4C-22A1BA36B194}
		{A8788971-CCAA-4FF7-B3A5-BFE444578070} = {053D694D-2673-4D71-9D4C-22A1BA36B194}
		{6ABA300B-1002-4F2D-A1BE-1710AC3BB3FB} = {053D694D-2673-4D71-9D4C-22A1BA36B194}
		{C769D45D-3B5C-400C-83C1-13FB950397F4} = {053D694D-2673-4D71-9D4C-22A1BA36B194}
	EndGlobalSection
	GlobalSection(ExtensibilityGlobals) = postSolution
		SolutionGuid = {CE193472-19FA-4E4D-84EB-D0A03D209243}
	EndGlobalSection
EndGlobal
