<?xml version="1.0" encoding="utf-8"?>
<Project ToolsVersion="4.0" xmlns="http://schemas.microsoft.com/developer/msbuild/2003">
  <ItemGroup>
    <Filter Include="Header">
      <UniqueIdentifier>{453addcd-7df2-419b-9806-a8f14f333c55}</UniqueIdentifier>
    </Filter>
    <Filter Include="Source">
      <UniqueIdentifier>{5a25f13c-5a81-409a-a1af-e418a7f8f76e}</UniqueIdentifier>
    </Filter>
    <Filter Include="Resource Files">
      <UniqueIdentifier>{bf1d5406-6de6-4ec1-8b77-503cdff86464}</UniqueIdentifier>
    </Filter>
    <Filter Include="Shader">
      <UniqueIdentifier>{4de3f8ac-b6f6-4eb1-a7c4-ec390c63b3db}</UniqueIdentifier>
    </Filter>
    <Filter Include="ImGui">
      <UniqueIdentifier>{4da0e558-0c45-4086-bdbd-d723d7f7deba}</UniqueIdentifier>
    </Filter>
    <Filter Include="Math">
      <UniqueIdentifier>{88333611-30c1-4cc4-a88b-6dc047e53af8}</UniqueIdentifier>
    </Filter>
    <Filter Include="Font">
      <UniqueIdentifier>{f02a54a3-52ad-49de-a30f-0675a8d88406}</UniqueIdentifier>
    </Filter>
    <Filter Include="Source\Obj">
      <UniqueIdentifier>{c1087d2f-43d5-4cca-b43c-7c295b275e29}</UniqueIdentifier>
    </Filter>
    <Filter Include="Header\Obj">
      <UniqueIdentifier>{50e0e513-c73e-4e79-bfc5-963b4facbaeb}</UniqueIdentifier>
    </Filter>
  </ItemGroup>
  <ItemGroup>
    <ClCompile Include="KCore.cpp">
      <Filter>Source</Filter>
    </ClCompile>
    <ClCompile Include="KDevice.cpp">
      <Filter>Source</Filter>
    </ClCompile>
    <ClCompile Include="KInput.cpp">
      <Filter>Source</Filter>
    </ClCompile>
    <ClCompile Include="KTimer.cpp">
      <Filter>Source</Filter>
    </ClCompile>
    <ClCompile Include="KWindow.cpp">
      <Filter>Source</Filter>
    </ClCompile>
    <ClCompile Include="KWrite.cpp">
      <Filter>Source</Filter>
    </ClCompile>
    <ClCompile Include="KState.cpp">
      <Filter>Source</Filter>
    </ClCompile>
    <ClCompile Include="ImGuiManager.cpp">
      <Filter>Source</Filter>
    </ClCompile>
    <ClCompile Include="ImGui\imgui.cpp">
      <Filter>ImGui</Filter>
    </ClCompile>
    <ClCompile Include="ImGui\imgui_demo.cpp">
      <Filter>ImGui</Filter>
    </ClCompile>
    <ClCompile Include="ImGui\imgui_draw.cpp">
      <Filter>ImGui</Filter>
    </ClCompile>
    <ClCompile Include="ImGui\imgui_impl_dx11.cpp">
      <Filter>ImGui</Filter>
    </ClCompile>
    <ClCompile Include="ImGui\imgui_impl_win32.cpp">
      <Filter>ImGui</Filter>
    </ClCompile>
    <ClCompile Include="ImGui\imgui_widgets.cpp">
      <Filter>ImGui</Filter>
    </ClCompile>
    <ClCompile Include="KCamera.cpp">
      <Filter>Source</Filter>
    </ClCompile>
    <ClCompile Include="Math\KMath.cpp">
      <Filter>Math</Filter>
    </ClCompile>
    <ClCompile Include="KTexture.cpp">
      <Filter>Source</Filter>
    </ClCompile>
    <ClCompile Include="KPlaneObj.cpp">
      <Filter>Source\Obj</Filter>
    </ClCompile>
    <ClCompile Include="KBoxObj.cpp">
      <Filter>Source\Obj</Filter>
    </ClCompile>
    <ClCompile Include="KObject.cpp">
      <Filter>Source\Obj</Filter>
    </ClCompile>
    <ClCompile Include="KSkyBox.cpp">
      <Filter>Source\Obj</Filter>
    </ClCompile>
    <ClCompile Include="K2DAsset.cpp">
      <Filter>Source\Obj</Filter>
    </ClCompile>
    <ClCompile Include="KObjectManager.cpp">
      <Filter>Source\Obj</Filter>
    </ClCompile>
    <ClCompile Include="KSound.cpp">
      <Filter>Source</Filter>
    </ClCompile>
    <ClCompile Include="KCollision.cpp">
      <Filter>Source\Obj</Filter>
    </ClCompile>
  </ItemGroup>
  <ItemGroup>
    <ClInclude Include="KCore.h">
      <Filter>Header</Filter>
    </ClInclude>
    <ClInclude Include="KDevice.h">
      <Filter>Header</Filter>
    </ClInclude>
    <ClInclude Include="KInput.h">
      <Filter>Header</Filter>
    </ClInclude>
    <ClInclude Include="KSound.h">
      <Filter>Header</Filter>
    </ClInclude>
    <ClInclude Include="KStd.h">
      <Filter>Header</Filter>
    </ClInclude>
    <ClInclude Include="KTimer.h">
      <Filter>Header</Filter>
    </ClInclude>
    <ClInclude Include="KWindow.h">
      <Filter>Header</Filter>
    </ClInclude>
    <ClInclude Include="KWrite.h">
      <Filter>Header</Filter>
    </ClInclude>
    <ClInclude Include="KState.h">
      <Filter>Header</Filter>
    </ClInclude>
    <ClInclude Include="ImGuiManager.h">
      <Filter>Header</Filter>
    </ClInclude>
    <ClInclude Include="ImGui\imconfig.h">
      <Filter>ImGui</Filter>
    </ClInclude>
    <ClInclude Include="ImGui\imgui.h">
      <Filter>ImGui</Filter>
    </ClInclude>
    <ClInclude Include="ImGui\imgui_impl_dx11.h">
      <Filter>ImGui</Filter>
    </ClInclude>
    <ClInclude Include="ImGui\imgui_impl_win32.h">
      <Filter>ImGui</Filter>
    </ClInclude>
    <ClInclude Include="ImGui\imgui_internal.h">
      <Filter>ImGui</Filter>
    </ClInclude>
    <ClInclude Include="ImGui\imstb_rectpack.h">
      <Filter>ImGui</Filter>
    </ClInclude>
    <ClInclude Include="ImGui\imstb_textedit.h">
      <Filter>ImGui</Filter>
    </ClInclude>
    <ClInclude Include="ImGui\imstb_truetype.h">
      <Filter>ImGui</Filter>
    </ClInclude>
    <ClInclude Include="KCamera.h">
      <Filter>Header</Filter>
    </ClInclude>
    <ClInclude Include="Math\KMath.h">
      <Filter>Math</Filter>
    </ClInclude>
    <ClInclude Include="resource.h">
      <Filter>Resource Files</Filter>
    </ClInclude>
    <ClInclude Include="KBoxObj.h">
      <Filter>Header\Obj</Filter>
    </ClInclude>
    <ClInclude Include="KPlaneObj.h">
      <Filter>Header\Obj</Filter>
    </ClInclude>
    <ClInclude Include="KObject.h">
      <Filter>Header\Obj</Filter>
    </ClInclude>
    <ClInclude Include="KTexture.h">
      <Filter>Header</Filter>
    </ClInclude>
    <ClInclude Include="KSkyBox.h">
      <Filter>Header\Obj</Filter>
    </ClInclude>
    <ClInclude Include="K2DAsset.h">
      <Filter>Header\Obj</Filter>
    </ClInclude>
    <ClInclude Include="KObjectManager.h">
      <Filter>Header\Obj</Filter>
    </ClInclude>
    <ClInclude Include="KCollision.h">
      <Filter>Header\Obj</Filter>
    </ClInclude>
  </ItemGroup>
  <ItemGroup>
    <ResourceCompile Include="KD3DLib.rc">
      <Filter>Resource Files</Filter>
    </ResourceCompile>
  </ItemGroup>
  <ItemGroup>
    <Image Include="C:\Users\kgca4021\OneDrive - nsu.ac.kr\DD_ICON.ico">
      <Filter>Resource Files</Filter>
    </Image>
  </ItemGroup>
  <ItemGroup>
    <Text Include="..\..\data\shader\PS_0.txt">
      <Filter>Shader</Filter>
    </Text>
    <Text Include="..\..\data\shader\VS_0.txt">
      <Filter>Shader</Filter>
    </Text>
    <Text Include="..\..\data\shader\Skybox.txt">
      <Filter>Shader</Filter>
    </Text>
    <Text Include="..\..\data\shader\PS_2D.txt">
      <Filter>Shader</Filter>
    </Text>
    <Text Include="..\..\data\shader\VS_2D.txt">
      <Filter>Shader</Filter>
    </Text>
  </ItemGroup>
</Project>