
Microsoft Visual Studio Solution File, Format Version 12.00
# Visual Studio Version 16
VisualStudioVersion = 16.0.31624.102
MinimumVisualStudioVersion = 10.0.40219.1
Project("{2150E333-8FDC-42A3-9474-1A3956D46DE8}") = "Mine", "Mine", "{F203EDB6-6EEE-4B4F-9E5F-97B83D3F43A0}"
EndProject
Project("{8BC9CEB8-8B4A-11D0-8D11-00A0C91BC942}") = "ArrayCirculerQueue", "ArrayCirculerQueue\ArrayCirculerQueue.vcxproj", "{64C41EB5-A11A-4D87-8F2F-045561054321}"
EndProject
Project("{8BC9CEB8-8B4A-11D0-8D11-00A0C91BC942}") = "MaBangZin", "MaBangZin\MaBangZin.vcxproj", "{E28FE467-DD32-43D9-8B80-0732206C1F8D}"
EndProject
Project("{8BC9CEB8-8B4A-11D0-8D11-00A0C91BC942}") = "ArrayStack", "Stack\Stack.vcxproj", "{B2333B50-16AC-4ABD-9AE0-164A59237C52}"
EndProject
Project("{8BC9CEB8-8B4A-11D0-8D11-00A0C91BC942}") = "LinkedList", "LinkedList\LinkedList.vcxproj", "{4311C716-7B01-4D9F-96F9-CEE8ADD36746}"
EndProject
Project("{8BC9CEB8-8B4A-11D0-8D11-00A0C91BC942}") = "TemplateLinkedList", "TemplateLinkedList\TemplateLinkedList.vcxproj", "{7FE77D7B-28F0-4595-A79B-D9A7BA7C0542}"
EndProject
Project("{2150E333-8FDC-42A3-9474-1A3956D46DE8}") = "LinkLists", "LinkLists", "{C5F38E45-EC87-4796-9D09-275301FC7D4F}"
EndProject
Project("{2150E333-8FDC-42A3-9474-1A3956D46DE8}") = "ArrayStackQueue", "ArrayStackQueue", "{85F2C749-79F0-42CA-AAF4-56E4467D910D}"
EndProject
Project("{8BC9CEB8-8B4A-11D0-8D11-00A0C91BC942}") = "Natural", "Natural\Natural\Natural.vcxproj", "{23BC8AA4-F137-4000-8024-FCD1B26491CB}"
EndProject
Project("{8BC9CEB8-8B4A-11D0-8D11-00A0C91BC942}") = "BST", "BST\BST.vcxproj", "{3013F141-ADE8-447D-AE54-14F44B4C48FD}"
EndProject
Project("{8BC9CEB8-8B4A-11D0-8D11-00A0C91BC942}") = "Vector", "Vector\Vector.vcxproj", "{19E9FA02-AFB3-494F-8EC6-BB7D378EEAD1}"
EndProject
Project("{8BC9CEB8-8B4A-11D0-8D11-00A0C91BC942}") = "RealList", "RealList\RealList.vcxproj", "{BA58E7F5-2876-433D-946D-C161D95E9522}"
EndProject
Project("{2150E333-8FDC-42A3-9474-1A3956D46DE8}") = "Stl", "Stl", "{8895B4B6-4144-4682-B495-0C86B330378C}"
EndProject
Project("{8BC9CEB8-8B4A-11D0-8D11-00A0C91BC942}") = "Map", "Map\Map.vcxproj", "{EE7E2BE5-7255-4AD8-9ED2-D1DFCAAEF92F}"
EndProject
Project("{8BC9CEB8-8B4A-11D0-8D11-00A0C91BC942}") = "ListsortStl", "StackStl\StackStl.vcxproj", "{BAF9002A-DDBB-491E-A521-2EC6020C12E9}"
EndProject
Project("{8BC9CEB8-8B4A-11D0-8D11-00A0C91BC942}") = "Alphabet", "Alphabet\Alphabet.vcxproj", "{EAB9651C-1992-45E8-AD70-DF6BF629D412}"
EndProject
Project("{8BC9CEB8-8B4A-11D0-8D11-00A0C91BC942}") = "Dohyeong", "Intersect\Intersect.vcxproj", "{CA3D2716-7F19-4BB2-A1E1-5A11DECFB149}"
EndProject
Project("{8BC9CEB8-8B4A-11D0-8D11-00A0C91BC942}") = "Hash", "ProgrammersTest\ProgrammersTest.vcxproj", "{AA8C4D73-32D3-4736-9D58-464EB9FF543A}"
EndProject
Project("{8BC9CEB8-8B4A-11D0-8D11-00A0C91BC942}") = "QuadTree", "QuadTree\QuadTree.vcxproj", "{935731F9-7F1E-445A-BA37-33A2008EC036}"
EndProject
Project("{8BC9CEB8-8B4A-11D0-8D11-00A0C91BC942}") = "OctTree", "OctTree\OctTree.vcxproj", "{81B7D6BB-E426-46D0-82EE-115AA2A4911D}"
EndProject
Project("{2150E333-8FDC-42A3-9474-1A3956D46DE8}") = "Window", "Window", "{DCCAB0C5-CA3B-43DF-8BD0-DD9521D38F20}"
EndProject
Project("{2150E333-8FDC-42A3-9474-1A3956D46DE8}") = "Tree", "Tree", "{4BE756C1-E9DC-4992-9261-4A2B560794A4}"
EndProject
Project("{8BC9CEB8-8B4A-11D0-8D11-00A0C91BC942}") = "GCreateWindow", "GCreateWindow\GCreateWindow.vcxproj", "{7CA86DFA-215B-42BE-B70F-0EE2C84F309A}"
EndProject
Project("{2150E333-8FDC-42A3-9474-1A3956D46DE8}") = "CodingProgrammers", "CodingProgrammers", "{4AAFEF56-CB0D-4A10-9BD7-87A90F65459B}"
EndProject
Project("{8BC9CEB8-8B4A-11D0-8D11-00A0C91BC942}") = "WindowSample", "WindowSample\WindowSample.vcxproj", "{979EA029-8447-471C-8C37-048CFC0B0882}"
EndProject
Project("{8BC9CEB8-8B4A-11D0-8D11-00A0C91BC942}") = "Back1032", "Back1032\Back1032.vcxproj", "{53FF31B8-27CB-4483-9C37-151E3AB62762}"
EndProject
Project("{8BC9CEB8-8B4A-11D0-8D11-00A0C91BC942}") = "Back1110", "Back110\Back110.vcxproj", "{810536B5-BCCD-4484-BBB0-5DF5723EDD2F}"
EndProject
Project("{8BC9CEB8-8B4A-11D0-8D11-00A0C91BC942}") = "Back1145", "Back1145\Back1145.vcxproj", "{6B3EF60A-09F2-44A6-876F-4A7F78ACECDE}"
EndProject
Project("{8BC9CEB8-8B4A-11D0-8D11-00A0C91BC942}") = "Back1157", "Back1157\Back1157.vcxproj", "{4D96CFE6-21B6-414E-A4A9-9ADC284339B8}"
EndProject
Project("{8BC9CEB8-8B4A-11D0-8D11-00A0C91BC942}") = "Back1546", "Back1546\Back1546.vcxproj", "{8DDD58E3-A1ED-431D-BE7F-63AB75C7FB1C}"
EndProject
Project("{2150E333-8FDC-42A3-9474-1A3956D46DE8}") = "DX", "DX", "{70158ADA-5034-405E-9B2F-5B9ECEA768DA}"
EndProject
Project("{8BC9CEB8-8B4A-11D0-8D11-00A0C91BC942}") = "CreateDevice", "CreateDevice\CreateDevice.vcxproj", "{5D2178A0-0EB0-4BC4-A94F-CB108E8A61C3}"
EndProject
Project("{8BC9CEB8-8B4A-11D0-8D11-00A0C91BC942}") = "CreateTimer", "CreateTimer\CreateTimer.vcxproj", "{23829738-7200-4059-916C-B2402D3D4B04}"
EndProject
Project("{8BC9CEB8-8B4A-11D0-8D11-00A0C91BC942}") = "CreateInput", "CreateInput\CreateInput.vcxproj", "{89DEDDF0-0BAA-4FE0-9996-DE69471A98B9}"
EndProject
Project("{8BC9CEB8-8B4A-11D0-8D11-00A0C91BC942}") = "EngineCore", "EngineCore\EngineCore.vcxproj", "{8B12B561-111C-45DC-8E51-7643BEEBC7EA}"
EndProject
Project("{8BC9CEB8-8B4A-11D0-8D11-00A0C91BC942}") = "SampleLib", "SampleLib\SampleLib.vcxproj", "{6D55D914-D4F7-4F0C-950A-EFDE31659652}"
EndProject
Global
	GlobalSection(SolutionConfigurationPlatforms) = preSolution
		Debug|x64 = Debug|x64
		Debug|x86 = Debug|x86
		Release|x64 = Release|x64
		Release|x86 = Release|x86
	EndGlobalSection
	GlobalSection(ProjectConfigurationPlatforms) = postSolution
		{64C41EB5-A11A-4D87-8F2F-045561054321}.Debug|x64.ActiveCfg = Debug|x64
		{64C41EB5-A11A-4D87-8F2F-045561054321}.Debug|x64.Build.0 = Debug|x64
		{64C41EB5-A11A-4D87-8F2F-045561054321}.Debug|x86.ActiveCfg = Debug|Win32
		{64C41EB5-A11A-4D87-8F2F-045561054321}.Debug|x86.Build.0 = Debug|Win32
		{64C41EB5-A11A-4D87-8F2F-045561054321}.Release|x64.ActiveCfg = Release|x64
		{64C41EB5-A11A-4D87-8F2F-045561054321}.Release|x64.Build.0 = Release|x64
		{64C41EB5-A11A-4D87-8F2F-045561054321}.Release|x86.ActiveCfg = Release|Win32
		{64C41EB5-A11A-4D87-8F2F-045561054321}.Release|x86.Build.0 = Release|Win32
		{E28FE467-DD32-43D9-8B80-0732206C1F8D}.Debug|x64.ActiveCfg = Debug|x64
		{E28FE467-DD32-43D9-8B80-0732206C1F8D}.Debug|x64.Build.0 = Debug|x64
		{E28FE467-DD32-43D9-8B80-0732206C1F8D}.Debug|x86.ActiveCfg = Debug|Win32
		{E28FE467-DD32-43D9-8B80-0732206C1F8D}.Debug|x86.Build.0 = Debug|Win32
		{E28FE467-DD32-43D9-8B80-0732206C1F8D}.Release|x64.ActiveCfg = Release|x64
		{E28FE467-DD32-43D9-8B80-0732206C1F8D}.Release|x64.Build.0 = Release|x64
		{E28FE467-DD32-43D9-8B80-0732206C1F8D}.Release|x86.ActiveCfg = Release|Win32
		{E28FE467-DD32-43D9-8B80-0732206C1F8D}.Release|x86.Build.0 = Release|Win32
		{B2333B50-16AC-4ABD-9AE0-164A59237C52}.Debug|x64.ActiveCfg = Debug|x64
		{B2333B50-16AC-4ABD-9AE0-164A59237C52}.Debug|x64.Build.0 = Debug|x64
		{B2333B50-16AC-4ABD-9AE0-164A59237C52}.Debug|x86.ActiveCfg = Debug|Win32
		{B2333B50-16AC-4ABD-9AE0-164A59237C52}.Debug|x86.Build.0 = Debug|Win32
		{B2333B50-16AC-4ABD-9AE0-164A59237C52}.Release|x64.ActiveCfg = Release|x64
		{B2333B50-16AC-4ABD-9AE0-164A59237C52}.Release|x64.Build.0 = Release|x64
		{B2333B50-16AC-4ABD-9AE0-164A59237C52}.Release|x86.ActiveCfg = Release|Win32
		{B2333B50-16AC-4ABD-9AE0-164A59237C52}.Release|x86.Build.0 = Release|Win32
		{4311C716-7B01-4D9F-96F9-CEE8ADD36746}.Debug|x64.ActiveCfg = Debug|x64
		{4311C716-7B01-4D9F-96F9-CEE8ADD36746}.Debug|x64.Build.0 = Debug|x64
		{4311C716-7B01-4D9F-96F9-CEE8ADD36746}.Debug|x86.ActiveCfg = Debug|Win32
		{4311C716-7B01-4D9F-96F9-CEE8ADD36746}.Debug|x86.Build.0 = Debug|Win32
		{4311C716-7B01-4D9F-96F9-CEE8ADD36746}.Release|x64.ActiveCfg = Release|x64
		{4311C716-7B01-4D9F-96F9-CEE8ADD36746}.Release|x64.Build.0 = Release|x64
		{4311C716-7B01-4D9F-96F9-CEE8ADD36746}.Release|x86.ActiveCfg = Release|Win32
		{4311C716-7B01-4D9F-96F9-CEE8ADD36746}.Release|x86.Build.0 = Release|Win32
		{7FE77D7B-28F0-4595-A79B-D9A7BA7C0542}.Debug|x64.ActiveCfg = Debug|x64
		{7FE77D7B-28F0-4595-A79B-D9A7BA7C0542}.Debug|x64.Build.0 = Debug|x64
		{7FE77D7B-28F0-4595-A79B-D9A7BA7C0542}.Debug|x86.ActiveCfg = Debug|Win32
		{7FE77D7B-28F0-4595-A79B-D9A7BA7C0542}.Debug|x86.Build.0 = Debug|Win32
		{7FE77D7B-28F0-4595-A79B-D9A7BA7C0542}.Release|x64.ActiveCfg = Release|x64
		{7FE77D7B-28F0-4595-A79B-D9A7BA7C0542}.Release|x64.Build.0 = Release|x64
		{7FE77D7B-28F0-4595-A79B-D9A7BA7C0542}.Release|x86.ActiveCfg = Release|Win32
		{7FE77D7B-28F0-4595-A79B-D9A7BA7C0542}.Release|x86.Build.0 = Release|Win32
		{23BC8AA4-F137-4000-8024-FCD1B26491CB}.Debug|x64.ActiveCfg = Debug|x64
		{23BC8AA4-F137-4000-8024-FCD1B26491CB}.Debug|x64.Build.0 = Debug|x64
		{23BC8AA4-F137-4000-8024-FCD1B26491CB}.Debug|x86.ActiveCfg = Debug|Win32
		{23BC8AA4-F137-4000-8024-FCD1B26491CB}.Debug|x86.Build.0 = Debug|Win32
		{23BC8AA4-F137-4000-8024-FCD1B26491CB}.Release|x64.ActiveCfg = Release|x64
		{23BC8AA4-F137-4000-8024-FCD1B26491CB}.Release|x64.Build.0 = Release|x64
		{23BC8AA4-F137-4000-8024-FCD1B26491CB}.Release|x86.ActiveCfg = Release|Win32
		{23BC8AA4-F137-4000-8024-FCD1B26491CB}.Release|x86.Build.0 = Release|Win32
		{3013F141-ADE8-447D-AE54-14F44B4C48FD}.Debug|x64.ActiveCfg = Debug|x64
		{3013F141-ADE8-447D-AE54-14F44B4C48FD}.Debug|x64.Build.0 = Debug|x64
		{3013F141-ADE8-447D-AE54-14F44B4C48FD}.Debug|x86.ActiveCfg = Debug|Win32
		{3013F141-ADE8-447D-AE54-14F44B4C48FD}.Debug|x86.Build.0 = Debug|Win32
		{3013F141-ADE8-447D-AE54-14F44B4C48FD}.Release|x64.ActiveCfg = Release|x64
		{3013F141-ADE8-447D-AE54-14F44B4C48FD}.Release|x64.Build.0 = Release|x64
		{3013F141-ADE8-447D-AE54-14F44B4C48FD}.Release|x86.ActiveCfg = Release|Win32
		{3013F141-ADE8-447D-AE54-14F44B4C48FD}.Release|x86.Build.0 = Release|Win32
		{19E9FA02-AFB3-494F-8EC6-BB7D378EEAD1}.Debug|x64.ActiveCfg = Debug|x64
		{19E9FA02-AFB3-494F-8EC6-BB7D378EEAD1}.Debug|x64.Build.0 = Debug|x64
		{19E9FA02-AFB3-494F-8EC6-BB7D378EEAD1}.Debug|x86.ActiveCfg = Debug|Win32
		{19E9FA02-AFB3-494F-8EC6-BB7D378EEAD1}.Debug|x86.Build.0 = Debug|Win32
		{19E9FA02-AFB3-494F-8EC6-BB7D378EEAD1}.Release|x64.ActiveCfg = Release|x64
		{19E9FA02-AFB3-494F-8EC6-BB7D378EEAD1}.Release|x64.Build.0 = Release|x64
		{19E9FA02-AFB3-494F-8EC6-BB7D378EEAD1}.Release|x86.ActiveCfg = Release|Win32
		{19E9FA02-AFB3-494F-8EC6-BB7D378EEAD1}.Release|x86.Build.0 = Release|Win32
		{BA58E7F5-2876-433D-946D-C161D95E9522}.Debug|x64.ActiveCfg = Debug|x64
		{BA58E7F5-2876-433D-946D-C161D95E9522}.Debug|x64.Build.0 = Debug|x64
		{BA58E7F5-2876-433D-946D-C161D95E9522}.Debug|x86.ActiveCfg = Debug|Win32
		{BA58E7F5-2876-433D-946D-C161D95E9522}.Debug|x86.Build.0 = Debug|Win32
		{BA58E7F5-2876-433D-946D-C161D95E9522}.Release|x64.ActiveCfg = Release|x64
		{BA58E7F5-2876-433D-946D-C161D95E9522}.Release|x64.Build.0 = Release|x64
		{BA58E7F5-2876-433D-946D-C161D95E9522}.Release|x86.ActiveCfg = Release|Win32
		{BA58E7F5-2876-433D-946D-C161D95E9522}.Release|x86.Build.0 = Release|Win32
		{EE7E2BE5-7255-4AD8-9ED2-D1DFCAAEF92F}.Debug|x64.ActiveCfg = Debug|x64
		{EE7E2BE5-7255-4AD8-9ED2-D1DFCAAEF92F}.Debug|x64.Build.0 = Debug|x64
		{EE7E2BE5-7255-4AD8-9ED2-D1DFCAAEF92F}.Debug|x86.ActiveCfg = Debug|Win32
		{EE7E2BE5-7255-4AD8-9ED2-D1DFCAAEF92F}.Debug|x86.Build.0 = Debug|Win32
		{EE7E2BE5-7255-4AD8-9ED2-D1DFCAAEF92F}.Release|x64.ActiveCfg = Release|x64
		{EE7E2BE5-7255-4AD8-9ED2-D1DFCAAEF92F}.Release|x64.Build.0 = Release|x64
		{EE7E2BE5-7255-4AD8-9ED2-D1DFCAAEF92F}.Release|x86.ActiveCfg = Release|Win32
		{EE7E2BE5-7255-4AD8-9ED2-D1DFCAAEF92F}.Release|x86.Build.0 = Release|Win32
		{BAF9002A-DDBB-491E-A521-2EC6020C12E9}.Debug|x64.ActiveCfg = Debug|x64
		{BAF9002A-DDBB-491E-A521-2EC6020C12E9}.Debug|x64.Build.0 = Debug|x64
		{BAF9002A-DDBB-491E-A521-2EC6020C12E9}.Debug|x86.ActiveCfg = Debug|Win32
		{BAF9002A-DDBB-491E-A521-2EC6020C12E9}.Debug|x86.Build.0 = Debug|Win32
		{BAF9002A-DDBB-491E-A521-2EC6020C12E9}.Release|x64.ActiveCfg = Release|x64
		{BAF9002A-DDBB-491E-A521-2EC6020C12E9}.Release|x64.Build.0 = Release|x64
		{BAF9002A-DDBB-491E-A521-2EC6020C12E9}.Release|x86.ActiveCfg = Release|Win32
		{BAF9002A-DDBB-491E-A521-2EC6020C12E9}.Release|x86.Build.0 = Release|Win32
		{EAB9651C-1992-45E8-AD70-DF6BF629D412}.Debug|x64.ActiveCfg = Debug|x64
		{EAB9651C-1992-45E8-AD70-DF6BF629D412}.Debug|x64.Build.0 = Debug|x64
		{EAB9651C-1992-45E8-AD70-DF6BF629D412}.Debug|x86.ActiveCfg = Debug|Win32
		{EAB9651C-1992-45E8-AD70-DF6BF629D412}.Debug|x86.Build.0 = Debug|Win32
		{EAB9651C-1992-45E8-AD70-DF6BF629D412}.Release|x64.ActiveCfg = Release|x64
		{EAB9651C-1992-45E8-AD70-DF6BF629D412}.Release|x64.Build.0 = Release|x64
		{EAB9651C-1992-45E8-AD70-DF6BF629D412}.Release|x86.ActiveCfg = Release|Win32
		{EAB9651C-1992-45E8-AD70-DF6BF629D412}.Release|x86.Build.0 = Release|Win32
		{CA3D2716-7F19-4BB2-A1E1-5A11DECFB149}.Debug|x64.ActiveCfg = Debug|x64
		{CA3D2716-7F19-4BB2-A1E1-5A11DECFB149}.Debug|x64.Build.0 = Debug|x64
		{CA3D2716-7F19-4BB2-A1E1-5A11DECFB149}.Debug|x86.ActiveCfg = Debug|Win32
		{CA3D2716-7F19-4BB2-A1E1-5A11DECFB149}.Debug|x86.Build.0 = Debug|Win32
		{CA3D2716-7F19-4BB2-A1E1-5A11DECFB149}.Release|x64.ActiveCfg = Release|x64
		{CA3D2716-7F19-4BB2-A1E1-5A11DECFB149}.Release|x64.Build.0 = Release|x64
		{CA3D2716-7F19-4BB2-A1E1-5A11DECFB149}.Release|x86.ActiveCfg = Release|Win32
		{CA3D2716-7F19-4BB2-A1E1-5A11DECFB149}.Release|x86.Build.0 = Release|Win32
		{AA8C4D73-32D3-4736-9D58-464EB9FF543A}.Debug|x64.ActiveCfg = Debug|x64
		{AA8C4D73-32D3-4736-9D58-464EB9FF543A}.Debug|x64.Build.0 = Debug|x64
		{AA8C4D73-32D3-4736-9D58-464EB9FF543A}.Debug|x86.ActiveCfg = Debug|Win32
		{AA8C4D73-32D3-4736-9D58-464EB9FF543A}.Debug|x86.Build.0 = Debug|Win32
		{AA8C4D73-32D3-4736-9D58-464EB9FF543A}.Release|x64.ActiveCfg = Release|x64
		{AA8C4D73-32D3-4736-9D58-464EB9FF543A}.Release|x64.Build.0 = Release|x64
		{AA8C4D73-32D3-4736-9D58-464EB9FF543A}.Release|x86.ActiveCfg = Release|Win32
		{AA8C4D73-32D3-4736-9D58-464EB9FF543A}.Release|x86.Build.0 = Release|Win32
		{935731F9-7F1E-445A-BA37-33A2008EC036}.Debug|x64.ActiveCfg = Debug|x64
		{935731F9-7F1E-445A-BA37-33A2008EC036}.Debug|x64.Build.0 = Debug|x64
		{935731F9-7F1E-445A-BA37-33A2008EC036}.Debug|x86.ActiveCfg = Debug|Win32
		{935731F9-7F1E-445A-BA37-33A2008EC036}.Debug|x86.Build.0 = Debug|Win32
		{935731F9-7F1E-445A-BA37-33A2008EC036}.Release|x64.ActiveCfg = Release|x64
		{935731F9-7F1E-445A-BA37-33A2008EC036}.Release|x64.Build.0 = Release|x64
		{935731F9-7F1E-445A-BA37-33A2008EC036}.Release|x86.ActiveCfg = Release|Win32
		{935731F9-7F1E-445A-BA37-33A2008EC036}.Release|x86.Build.0 = Release|Win32
		{81B7D6BB-E426-46D0-82EE-115AA2A4911D}.Debug|x64.ActiveCfg = Debug|x64
		{81B7D6BB-E426-46D0-82EE-115AA2A4911D}.Debug|x64.Build.0 = Debug|x64
		{81B7D6BB-E426-46D0-82EE-115AA2A4911D}.Debug|x86.ActiveCfg = Debug|Win32
		{81B7D6BB-E426-46D0-82EE-115AA2A4911D}.Debug|x86.Build.0 = Debug|Win32
		{81B7D6BB-E426-46D0-82EE-115AA2A4911D}.Release|x64.ActiveCfg = Release|x64
		{81B7D6BB-E426-46D0-82EE-115AA2A4911D}.Release|x64.Build.0 = Release|x64
		{81B7D6BB-E426-46D0-82EE-115AA2A4911D}.Release|x86.ActiveCfg = Release|Win32
		{81B7D6BB-E426-46D0-82EE-115AA2A4911D}.Release|x86.Build.0 = Release|Win32
		{7CA86DFA-215B-42BE-B70F-0EE2C84F309A}.Debug|x64.ActiveCfg = Debug|x64
		{7CA86DFA-215B-42BE-B70F-0EE2C84F309A}.Debug|x64.Build.0 = Debug|x64
		{7CA86DFA-215B-42BE-B70F-0EE2C84F309A}.Debug|x86.ActiveCfg = Debug|Win32
		{7CA86DFA-215B-42BE-B70F-0EE2C84F309A}.Debug|x86.Build.0 = Debug|Win32
		{7CA86DFA-215B-42BE-B70F-0EE2C84F309A}.Release|x64.ActiveCfg = Release|x64
		{7CA86DFA-215B-42BE-B70F-0EE2C84F309A}.Release|x64.Build.0 = Release|x64
		{7CA86DFA-215B-42BE-B70F-0EE2C84F309A}.Release|x86.ActiveCfg = Release|Win32
		{7CA86DFA-215B-42BE-B70F-0EE2C84F309A}.Release|x86.Build.0 = Release|Win32
		{979EA029-8447-471C-8C37-048CFC0B0882}.Debug|x64.ActiveCfg = Debug|x64
		{979EA029-8447-471C-8C37-048CFC0B0882}.Debug|x64.Build.0 = Debug|x64
		{979EA029-8447-471C-8C37-048CFC0B0882}.Debug|x86.ActiveCfg = Debug|Win32
		{979EA029-8447-471C-8C37-048CFC0B0882}.Debug|x86.Build.0 = Debug|Win32
		{979EA029-8447-471C-8C37-048CFC0B0882}.Release|x64.ActiveCfg = Release|x64
		{979EA029-8447-471C-8C37-048CFC0B0882}.Release|x64.Build.0 = Release|x64
		{979EA029-8447-471C-8C37-048CFC0B0882}.Release|x86.ActiveCfg = Release|Win32
		{979EA029-8447-471C-8C37-048CFC0B0882}.Release|x86.Build.0 = Release|Win32
		{53FF31B8-27CB-4483-9C37-151E3AB62762}.Debug|x64.ActiveCfg = Debug|x64
		{53FF31B8-27CB-4483-9C37-151E3AB62762}.Debug|x64.Build.0 = Debug|x64
		{53FF31B8-27CB-4483-9C37-151E3AB62762}.Debug|x86.ActiveCfg = Debug|Win32
		{53FF31B8-27CB-4483-9C37-151E3AB62762}.Debug|x86.Build.0 = Debug|Win32
		{53FF31B8-27CB-4483-9C37-151E3AB62762}.Release|x64.ActiveCfg = Release|x64
		{53FF31B8-27CB-4483-9C37-151E3AB62762}.Release|x64.Build.0 = Release|x64
		{53FF31B8-27CB-4483-9C37-151E3AB62762}.Release|x86.ActiveCfg = Release|Win32
		{53FF31B8-27CB-4483-9C37-151E3AB62762}.Release|x86.Build.0 = Release|Win32
		{810536B5-BCCD-4484-BBB0-5DF5723EDD2F}.Debug|x64.ActiveCfg = Debug|x64
		{810536B5-BCCD-4484-BBB0-5DF5723EDD2F}.Debug|x64.Build.0 = Debug|x64
		{810536B5-BCCD-4484-BBB0-5DF5723EDD2F}.Debug|x86.ActiveCfg = Debug|Win32
		{810536B5-BCCD-4484-BBB0-5DF5723EDD2F}.Debug|x86.Build.0 = Debug|Win32
		{810536B5-BCCD-4484-BBB0-5DF5723EDD2F}.Release|x64.ActiveCfg = Release|x64
		{810536B5-BCCD-4484-BBB0-5DF5723EDD2F}.Release|x64.Build.0 = Release|x64
		{810536B5-BCCD-4484-BBB0-5DF5723EDD2F}.Release|x86.ActiveCfg = Release|Win32
		{810536B5-BCCD-4484-BBB0-5DF5723EDD2F}.Release|x86.Build.0 = Release|Win32
		{6B3EF60A-09F2-44A6-876F-4A7F78ACECDE}.Debug|x64.ActiveCfg = Debug|x64
		{6B3EF60A-09F2-44A6-876F-4A7F78ACECDE}.Debug|x64.Build.0 = Debug|x64
		{6B3EF60A-09F2-44A6-876F-4A7F78ACECDE}.Debug|x86.ActiveCfg = Debug|Win32
		{6B3EF60A-09F2-44A6-876F-4A7F78ACECDE}.Debug|x86.Build.0 = Debug|Win32
		{6B3EF60A-09F2-44A6-876F-4A7F78ACECDE}.Release|x64.ActiveCfg = Release|x64
		{6B3EF60A-09F2-44A6-876F-4A7F78ACECDE}.Release|x64.Build.0 = Release|x64
		{6B3EF60A-09F2-44A6-876F-4A7F78ACECDE}.Release|x86.ActiveCfg = Release|Win32
		{6B3EF60A-09F2-44A6-876F-4A7F78ACECDE}.Release|x86.Build.0 = Release|Win32
		{4D96CFE6-21B6-414E-A4A9-9ADC284339B8}.Debug|x64.ActiveCfg = Debug|x64
		{4D96CFE6-21B6-414E-A4A9-9ADC284339B8}.Debug|x64.Build.0 = Debug|x64
		{4D96CFE6-21B6-414E-A4A9-9ADC284339B8}.Debug|x86.ActiveCfg = Debug|Win32
		{4D96CFE6-21B6-414E-A4A9-9ADC284339B8}.Debug|x86.Build.0 = Debug|Win32
		{4D96CFE6-21B6-414E-A4A9-9ADC284339B8}.Release|x64.ActiveCfg = Release|x64
		{4D96CFE6-21B6-414E-A4A9-9ADC284339B8}.Release|x64.Build.0 = Release|x64
		{4D96CFE6-21B6-414E-A4A9-9ADC284339B8}.Release|x86.ActiveCfg = Release|Win32
		{4D96CFE6-21B6-414E-A4A9-9ADC284339B8}.Release|x86.Build.0 = Release|Win32
		{8DDD58E3-A1ED-431D-BE7F-63AB75C7FB1C}.Debug|x64.ActiveCfg = Debug|x64
		{8DDD58E3-A1ED-431D-BE7F-63AB75C7FB1C}.Debug|x64.Build.0 = Debug|x64
		{8DDD58E3-A1ED-431D-BE7F-63AB75C7FB1C}.Debug|x86.ActiveCfg = Debug|Win32
		{8DDD58E3-A1ED-431D-BE7F-63AB75C7FB1C}.Debug|x86.Build.0 = Debug|Win32
		{8DDD58E3-A1ED-431D-BE7F-63AB75C7FB1C}.Release|x64.ActiveCfg = Release|x64
		{8DDD58E3-A1ED-431D-BE7F-63AB75C7FB1C}.Release|x64.Build.0 = Release|x64
		{8DDD58E3-A1ED-431D-BE7F-63AB75C7FB1C}.Release|x86.ActiveCfg = Release|Win32
		{8DDD58E3-A1ED-431D-BE7F-63AB75C7FB1C}.Release|x86.Build.0 = Release|Win32
		{5D2178A0-0EB0-4BC4-A94F-CB108E8A61C3}.Debug|x64.ActiveCfg = Debug|x64
		{5D2178A0-0EB0-4BC4-A94F-CB108E8A61C3}.Debug|x64.Build.0 = Debug|x64
		{5D2178A0-0EB0-4BC4-A94F-CB108E8A61C3}.Debug|x86.ActiveCfg = Debug|Win32
		{5D2178A0-0EB0-4BC4-A94F-CB108E8A61C3}.Debug|x86.Build.0 = Debug|Win32
		{5D2178A0-0EB0-4BC4-A94F-CB108E8A61C3}.Release|x64.ActiveCfg = Release|x64
		{5D2178A0-0EB0-4BC4-A94F-CB108E8A61C3}.Release|x64.Build.0 = Release|x64
		{5D2178A0-0EB0-4BC4-A94F-CB108E8A61C3}.Release|x86.ActiveCfg = Release|Win32
		{5D2178A0-0EB0-4BC4-A94F-CB108E8A61C3}.Release|x86.Build.0 = Release|Win32
		{23829738-7200-4059-916C-B2402D3D4B04}.Debug|x64.ActiveCfg = Debug|x64
		{23829738-7200-4059-916C-B2402D3D4B04}.Debug|x64.Build.0 = Debug|x64
		{23829738-7200-4059-916C-B2402D3D4B04}.Debug|x86.ActiveCfg = Debug|Win32
		{23829738-7200-4059-916C-B2402D3D4B04}.Debug|x86.Build.0 = Debug|Win32
		{23829738-7200-4059-916C-B2402D3D4B04}.Release|x64.ActiveCfg = Release|x64
		{23829738-7200-4059-916C-B2402D3D4B04}.Release|x64.Build.0 = Release|x64
		{23829738-7200-4059-916C-B2402D3D4B04}.Release|x86.ActiveCfg = Release|Win32
		{23829738-7200-4059-916C-B2402D3D4B04}.Release|x86.Build.0 = Release|Win32
		{89DEDDF0-0BAA-4FE0-9996-DE69471A98B9}.Debug|x64.ActiveCfg = Debug|x64
		{89DEDDF0-0BAA-4FE0-9996-DE69471A98B9}.Debug|x64.Build.0 = Debug|x64
		{89DEDDF0-0BAA-4FE0-9996-DE69471A98B9}.Debug|x86.ActiveCfg = Debug|Win32
		{89DEDDF0-0BAA-4FE0-9996-DE69471A98B9}.Debug|x86.Build.0 = Debug|Win32
		{89DEDDF0-0BAA-4FE0-9996-DE69471A98B9}.Release|x64.ActiveCfg = Release|x64
		{89DEDDF0-0BAA-4FE0-9996-DE69471A98B9}.Release|x64.Build.0 = Release|x64
		{89DEDDF0-0BAA-4FE0-9996-DE69471A98B9}.Release|x86.ActiveCfg = Release|Win32
		{89DEDDF0-0BAA-4FE0-9996-DE69471A98B9}.Release|x86.Build.0 = Release|Win32
		{8B12B561-111C-45DC-8E51-7643BEEBC7EA}.Debug|x64.ActiveCfg = Debug|x64
		{8B12B561-111C-45DC-8E51-7643BEEBC7EA}.Debug|x64.Build.0 = Debug|x64
		{8B12B561-111C-45DC-8E51-7643BEEBC7EA}.Debug|x86.ActiveCfg = Debug|Win32
		{8B12B561-111C-45DC-8E51-7643BEEBC7EA}.Debug|x86.Build.0 = Debug|Win32
		{8B12B561-111C-45DC-8E51-7643BEEBC7EA}.Release|x64.ActiveCfg = Release|x64
		{8B12B561-111C-45DC-8E51-7643BEEBC7EA}.Release|x64.Build.0 = Release|x64
		{8B12B561-111C-45DC-8E51-7643BEEBC7EA}.Release|x86.ActiveCfg = Release|Win32
		{8B12B561-111C-45DC-8E51-7643BEEBC7EA}.Release|x86.Build.0 = Release|Win32
		{6D55D914-D4F7-4F0C-950A-EFDE31659652}.Debug|x64.ActiveCfg = Debug|x64
		{6D55D914-D4F7-4F0C-950A-EFDE31659652}.Debug|x64.Build.0 = Debug|x64
		{6D55D914-D4F7-4F0C-950A-EFDE31659652}.Debug|x86.ActiveCfg = Debug|Win32
		{6D55D914-D4F7-4F0C-950A-EFDE31659652}.Debug|x86.Build.0 = Debug|Win32
		{6D55D914-D4F7-4F0C-950A-EFDE31659652}.Release|x64.ActiveCfg = Release|x64
		{6D55D914-D4F7-4F0C-950A-EFDE31659652}.Release|x64.Build.0 = Release|x64
		{6D55D914-D4F7-4F0C-950A-EFDE31659652}.Release|x86.ActiveCfg = Release|Win32
		{6D55D914-D4F7-4F0C-950A-EFDE31659652}.Release|x86.Build.0 = Release|Win32
	EndGlobalSection
	GlobalSection(SolutionProperties) = preSolution
		HideSolutionNode = FALSE
	EndGlobalSection
	GlobalSection(NestedProjects) = preSolution
		{64C41EB5-A11A-4D87-8F2F-045561054321} = {85F2C749-79F0-42CA-AAF4-56E4467D910D}
		{E28FE467-DD32-43D9-8B80-0732206C1F8D} = {4AAFEF56-CB0D-4A10-9BD7-87A90F65459B}
		{B2333B50-16AC-4ABD-9AE0-164A59237C52} = {85F2C749-79F0-42CA-AAF4-56E4467D910D}
		{4311C716-7B01-4D9F-96F9-CEE8ADD36746} = {C5F38E45-EC87-4796-9D09-275301FC7D4F}
		{7FE77D7B-28F0-4595-A79B-D9A7BA7C0542} = {C5F38E45-EC87-4796-9D09-275301FC7D4F}
		{C5F38E45-EC87-4796-9D09-275301FC7D4F} = {F203EDB6-6EEE-4B4F-9E5F-97B83D3F43A0}
		{85F2C749-79F0-42CA-AAF4-56E4467D910D} = {F203EDB6-6EEE-4B4F-9E5F-97B83D3F43A0}
		{23BC8AA4-F137-4000-8024-FCD1B26491CB} = {4AAFEF56-CB0D-4A10-9BD7-87A90F65459B}
		{3013F141-ADE8-447D-AE54-14F44B4C48FD} = {4BE756C1-E9DC-4992-9261-4A2B560794A4}
		{19E9FA02-AFB3-494F-8EC6-BB7D378EEAD1} = {8895B4B6-4144-4682-B495-0C86B330378C}
		{BA58E7F5-2876-433D-946D-C161D95E9522} = {8895B4B6-4144-4682-B495-0C86B330378C}
		{8895B4B6-4144-4682-B495-0C86B330378C} = {F203EDB6-6EEE-4B4F-9E5F-97B83D3F43A0}
		{EE7E2BE5-7255-4AD8-9ED2-D1DFCAAEF92F} = {8895B4B6-4144-4682-B495-0C86B330378C}
		{BAF9002A-DDBB-491E-A521-2EC6020C12E9} = {8895B4B6-4144-4682-B495-0C86B330378C}
		{EAB9651C-1992-45E8-AD70-DF6BF629D412} = {4AAFEF56-CB0D-4A10-9BD7-87A90F65459B}
		{CA3D2716-7F19-4BB2-A1E1-5A11DECFB149} = {4AAFEF56-CB0D-4A10-9BD7-87A90F65459B}
		{AA8C4D73-32D3-4736-9D58-464EB9FF543A} = {4AAFEF56-CB0D-4A10-9BD7-87A90F65459B}
		{935731F9-7F1E-445A-BA37-33A2008EC036} = {4BE756C1-E9DC-4992-9261-4A2B560794A4}
		{81B7D6BB-E426-46D0-82EE-115AA2A4911D} = {4BE756C1-E9DC-4992-9261-4A2B560794A4}
		{DCCAB0C5-CA3B-43DF-8BD0-DD9521D38F20} = {F203EDB6-6EEE-4B4F-9E5F-97B83D3F43A0}
		{4BE756C1-E9DC-4992-9261-4A2B560794A4} = {F203EDB6-6EEE-4B4F-9E5F-97B83D3F43A0}
		{7CA86DFA-215B-42BE-B70F-0EE2C84F309A} = {DCCAB0C5-CA3B-43DF-8BD0-DD9521D38F20}
		{4AAFEF56-CB0D-4A10-9BD7-87A90F65459B} = {F203EDB6-6EEE-4B4F-9E5F-97B83D3F43A0}
		{979EA029-8447-471C-8C37-048CFC0B0882} = {DCCAB0C5-CA3B-43DF-8BD0-DD9521D38F20}
		{53FF31B8-27CB-4483-9C37-151E3AB62762} = {4AAFEF56-CB0D-4A10-9BD7-87A90F65459B}
		{810536B5-BCCD-4484-BBB0-5DF5723EDD2F} = {4AAFEF56-CB0D-4A10-9BD7-87A90F65459B}
		{6B3EF60A-09F2-44A6-876F-4A7F78ACECDE} = {4AAFEF56-CB0D-4A10-9BD7-87A90F65459B}
		{4D96CFE6-21B6-414E-A4A9-9ADC284339B8} = {4AAFEF56-CB0D-4A10-9BD7-87A90F65459B}
		{8DDD58E3-A1ED-431D-BE7F-63AB75C7FB1C} = {4AAFEF56-CB0D-4A10-9BD7-87A90F65459B}
		{70158ADA-5034-405E-9B2F-5B9ECEA768DA} = {F203EDB6-6EEE-4B4F-9E5F-97B83D3F43A0}
		{5D2178A0-0EB0-4BC4-A94F-CB108E8A61C3} = {DCCAB0C5-CA3B-43DF-8BD0-DD9521D38F20}
		{23829738-7200-4059-916C-B2402D3D4B04} = {70158ADA-5034-405E-9B2F-5B9ECEA768DA}
		{89DEDDF0-0BAA-4FE0-9996-DE69471A98B9} = {70158ADA-5034-405E-9B2F-5B9ECEA768DA}
		{8B12B561-111C-45DC-8E51-7643BEEBC7EA} = {F203EDB6-6EEE-4B4F-9E5F-97B83D3F43A0}
		{6D55D914-D4F7-4F0C-950A-EFDE31659652} = {70158ADA-5034-405E-9B2F-5B9ECEA768DA}
	EndGlobalSection
	GlobalSection(ExtensibilityGlobals) = postSolution
		SolutionGuid = {FA40B136-CD6E-4BA2-819E-6B5470065A2D}
	EndGlobalSection
EndGlobal
