
Microsoft Visual Studio Solution File, Format Version 10.00
# Visual Studio 2008
Project("{8BC9CEB8-8B4A-11D0-8D11-00A0C91BC942}") = "contain", "C++\C++.vcproj", "{F43ECF80-374D-4BDA-8E65-C69952A75A96}"
EndProject
Project("{8BC9CEB8-8B4A-11D0-8D11-00A0C91BC942}") = "friend", "friend\friend.vcproj", "{4455A3D6-BB09-4186-BB8F-B5EACC22AD75}"
EndProject
Project("{8BC9CEB8-8B4A-11D0-8D11-00A0C91BC942}") = "list", "list\list.vcproj", "{4100D413-028B-4558-A56B-32E12CDD4039}"
EndProject
Global
	GlobalSection(SolutionConfigurationPlatforms) = preSolution
		Debug|Win32 = Debug|Win32
		Release|Win32 = Release|Win32
	EndGlobalSection
	GlobalSection(ProjectConfigurationPlatforms) = postSolution
		{F43ECF80-374D-4BDA-8E65-C69952A75A96}.Debug|Win32.ActiveCfg = Debug|Win32
		{F43ECF80-374D-4BDA-8E65-C69952A75A96}.Debug|Win32.Build.0 = Debug|Win32
		{F43ECF80-374D-4BDA-8E65-C69952A75A96}.Release|Win32.ActiveCfg = Release|Win32
		{F43ECF80-374D-4BDA-8E65-C69952A75A96}.Release|Win32.Build.0 = Release|Win32
		{4455A3D6-BB09-4186-BB8F-B5EACC22AD75}.Debug|Win32.ActiveCfg = Debug|Win32
		{4455A3D6-BB09-4186-BB8F-B5EACC22AD75}.Debug|Win32.Build.0 = Debug|Win32
		{4455A3D6-BB09-4186-BB8F-B5EACC22AD75}.Release|Win32.ActiveCfg = Release|Win32
		{4455A3D6-BB09-4186-BB8F-B5EACC22AD75}.Release|Win32.Build.0 = Release|Win32
		{4100D413-028B-4558-A56B-32E12CDD4039}.Debug|Win32.ActiveCfg = Debug|Win32
		{4100D413-028B-4558-A56B-32E12CDD4039}.Debug|Win32.Build.0 = Debug|Win32
		{4100D413-028B-4558-A56B-32E12CDD4039}.Release|Win32.ActiveCfg = Release|Win32
		{4100D413-028B-4558-A56B-32E12CDD4039}.Release|Win32.Build.0 = Release|Win32
	EndGlobalSection
	GlobalSection(SolutionProperties) = preSolution
		HideSolutionNode = FALSE
	EndGlobalSection
EndGlobal
