
Microsoft Visual Studio Solution File, Format Version 12.00
# Visual Studio Version 16
VisualStudioVersion = 16.0.31624.102
MinimumVisualStudioVersion = 10.0.40219.1
Project("{8BC9CEB8-8B4A-11D0-8D11-00A0C91BC942}") = "Stack", "Stack\Stack.vcxproj", "{A3939282-E976-4A12-8259-B93962086B3D}"
EndProject
Project("{2150E333-8FDC-42A3-9474-1A3956D46DE8}") = "C++", "C++", "{E2908F00-EE4B-4AD1-B322-93BCCAECA0AC}"
EndProject
Project("{8BC9CEB8-8B4A-11D0-8D11-00A0C91BC942}") = "Queue", "Queue\Queue.vcxproj", "{940E3321-789D-4E81-A7B5-12E9351D87D1}"
EndProject
Global
	GlobalSection(SolutionConfigurationPlatforms) = preSolution
		Debug|x64 = Debug|x64
		Debug|x86 = Debug|x86
		Release|x64 = Release|x64
		Release|x86 = Release|x86
	EndGlobalSection
	GlobalSection(ProjectConfigurationPlatforms) = postSolution
		{A3939282-E976-4A12-8259-B93962086B3D}.Debug|x64.ActiveCfg = Debug|x64
		{A3939282-E976-4A12-8259-B93962086B3D}.Debug|x64.Build.0 = Debug|x64
		{A3939282-E976-4A12-8259-B93962086B3D}.Debug|x86.ActiveCfg = Debug|Win32
		{A3939282-E976-4A12-8259-B93962086B3D}.Debug|x86.Build.0 = Debug|Win32
		{A3939282-E976-4A12-8259-B93962086B3D}.Release|x64.ActiveCfg = Release|x64
		{A3939282-E976-4A12-8259-B93962086B3D}.Release|x64.Build.0 = Release|x64
		{A3939282-E976-4A12-8259-B93962086B3D}.Release|x86.ActiveCfg = Release|Win32
		{A3939282-E976-4A12-8259-B93962086B3D}.Release|x86.Build.0 = Release|Win32
		{940E3321-789D-4E81-A7B5-12E9351D87D1}.Debug|x64.ActiveCfg = Debug|x64
		{940E3321-789D-4E81-A7B5-12E9351D87D1}.Debug|x64.Build.0 = Debug|x64
		{940E3321-789D-4E81-A7B5-12E9351D87D1}.Debug|x86.ActiveCfg = Debug|Win32
		{940E3321-789D-4E81-A7B5-12E9351D87D1}.Debug|x86.Build.0 = Debug|Win32
		{940E3321-789D-4E81-A7B5-12E9351D87D1}.Release|x64.ActiveCfg = Release|x64
		{940E3321-789D-4E81-A7B5-12E9351D87D1}.Release|x64.Build.0 = Release|x64
		{940E3321-789D-4E81-A7B5-12E9351D87D1}.Release|x86.ActiveCfg = Release|Win32
		{940E3321-789D-4E81-A7B5-12E9351D87D1}.Release|x86.Build.0 = Release|Win32
	EndGlobalSection
	GlobalSection(SolutionProperties) = preSolution
		HideSolutionNode = FALSE
	EndGlobalSection
	GlobalSection(NestedProjects) = preSolution
		{A3939282-E976-4A12-8259-B93962086B3D} = {E2908F00-EE4B-4AD1-B322-93BCCAECA0AC}
		{940E3321-789D-4E81-A7B5-12E9351D87D1} = {E2908F00-EE4B-4AD1-B322-93BCCAECA0AC}
	EndGlobalSection
	GlobalSection(ExtensibilityGlobals) = postSolution
		SolutionGuid = {8B43555D-EAD7-4DB4-BF2D-6712ADD8C564}
	EndGlobalSection
EndGlobal
