
Microsoft Visual Studio Solution File, Format Version 12.00
# Visual Studio Version 16
VisualStudioVersion = 16.0.31624.102
MinimumVisualStudioVersion = 10.0.40219.1
Project("{8BC9CEB8-8B4A-11D0-8D11-00A0C91BC942}") = "String01", "String01\String01.vcxproj", "{16A569C0-A3A7-4C6C-B650-EE1AE80FD834}"
EndProject
Project("{2150E333-8FDC-42A3-9474-1A3956D46DE8}") = "CLang", "CLang", "{DF8BE603-0D22-4120-B2A4-44F7FD14406F}"
EndProject
Project("{2150E333-8FDC-42A3-9474-1A3956D46DE8}") = "CPlus", "CPlus", "{9DEBB352-7D8B-4E06-9799-A8D3505E7352}"
EndProject
Project("{8BC9CEB8-8B4A-11D0-8D11-00A0C91BC942}") = "FileIO", "File\File.vcxproj", "{A8FC49B0-73F8-4252-908F-C29F2E479DA6}"
EndProject
Project("{2150E333-8FDC-42A3-9474-1A3956D46DE8}") = "Project", "Project", "{F47B01B5-C04E-4D7B-AF2E-367F0F745179}"
EndProject
Project("{8BC9CEB8-8B4A-11D0-8D11-00A0C91BC942}") = "FileIO", "FileIO\FileIO.vcxproj", "{7EA4AEA7-C3B9-459D-A384-C3ED9252FD3E}"
EndProject
Project("{8BC9CEB8-8B4A-11D0-8D11-00A0C91BC942}") = "KTemplateLinkedList", "KTemplateLinkedList\KTemplateLinkedList.vcxproj", "{68AFF1EA-170E-4458-B1CA-956284B35AD8}"
EndProject
Project("{8BC9CEB8-8B4A-11D0-8D11-00A0C91BC942}") = "ScoreManager", "Manager\Manager.vcxproj", "{26DB6EF7-D3C5-4811-A474-8B127FA1DDFD}"
EndProject
Project("{8BC9CEB8-8B4A-11D0-8D11-00A0C91BC942}") = "OverridedOper", "OverridedOper\OverridedOper.vcxproj", "{6AC081D3-1F2B-4D2F-AB48-967AD93C2A8A}"
EndProject
Project("{8BC9CEB8-8B4A-11D0-8D11-00A0C91BC942}") = "Octree", "Octree\Octree.vcxproj", "{4F6C29C4-A5CA-447D-9EEF-9E028AAF5649}"
EndProject
Global
	GlobalSection(SolutionConfigurationPlatforms) = preSolution
		Debug|x64 = Debug|x64
		Debug|x86 = Debug|x86
		Release|x64 = Release|x64
		Release|x86 = Release|x86
	EndGlobalSection
	GlobalSection(ProjectConfigurationPlatforms) = postSolution
		{16A569C0-A3A7-4C6C-B650-EE1AE80FD834}.Debug|x64.ActiveCfg = Debug|x64
		{16A569C0-A3A7-4C6C-B650-EE1AE80FD834}.Debug|x64.Build.0 = Debug|x64
		{16A569C0-A3A7-4C6C-B650-EE1AE80FD834}.Debug|x86.ActiveCfg = Debug|Win32
		{16A569C0-A3A7-4C6C-B650-EE1AE80FD834}.Debug|x86.Build.0 = Debug|Win32
		{16A569C0-A3A7-4C6C-B650-EE1AE80FD834}.Release|x64.ActiveCfg = Release|x64
		{16A569C0-A3A7-4C6C-B650-EE1AE80FD834}.Release|x64.Build.0 = Release|x64
		{16A569C0-A3A7-4C6C-B650-EE1AE80FD834}.Release|x86.ActiveCfg = Release|Win32
		{16A569C0-A3A7-4C6C-B650-EE1AE80FD834}.Release|x86.Build.0 = Release|Win32
		{A8FC49B0-73F8-4252-908F-C29F2E479DA6}.Debug|x64.ActiveCfg = Debug|x64
		{A8FC49B0-73F8-4252-908F-C29F2E479DA6}.Debug|x64.Build.0 = Debug|x64
		{A8FC49B0-73F8-4252-908F-C29F2E479DA6}.Debug|x86.ActiveCfg = Debug|Win32
		{A8FC49B0-73F8-4252-908F-C29F2E479DA6}.Debug|x86.Build.0 = Debug|Win32
		{A8FC49B0-73F8-4252-908F-C29F2E479DA6}.Release|x64.ActiveCfg = Release|x64
		{A8FC49B0-73F8-4252-908F-C29F2E479DA6}.Release|x64.Build.0 = Release|x64
		{A8FC49B0-73F8-4252-908F-C29F2E479DA6}.Release|x86.ActiveCfg = Release|Win32
		{A8FC49B0-73F8-4252-908F-C29F2E479DA6}.Release|x86.Build.0 = Release|Win32
		{7EA4AEA7-C3B9-459D-A384-C3ED9252FD3E}.Debug|x64.ActiveCfg = Debug|x64
		{7EA4AEA7-C3B9-459D-A384-C3ED9252FD3E}.Debug|x64.Build.0 = Debug|x64
		{7EA4AEA7-C3B9-459D-A384-C3ED9252FD3E}.Debug|x86.ActiveCfg = Debug|Win32
		{7EA4AEA7-C3B9-459D-A384-C3ED9252FD3E}.Debug|x86.Build.0 = Debug|Win32
		{7EA4AEA7-C3B9-459D-A384-C3ED9252FD3E}.Release|x64.ActiveCfg = Release|x64
		{7EA4AEA7-C3B9-459D-A384-C3ED9252FD3E}.Release|x64.Build.0 = Release|x64
		{7EA4AEA7-C3B9-459D-A384-C3ED9252FD3E}.Release|x86.ActiveCfg = Release|Win32
		{7EA4AEA7-C3B9-459D-A384-C3ED9252FD3E}.Release|x86.Build.0 = Release|Win32
		{68AFF1EA-170E-4458-B1CA-956284B35AD8}.Debug|x64.ActiveCfg = Debug|x64
		{68AFF1EA-170E-4458-B1CA-956284B35AD8}.Debug|x64.Build.0 = Debug|x64
		{68AFF1EA-170E-4458-B1CA-956284B35AD8}.Debug|x86.ActiveCfg = Debug|Win32
		{68AFF1EA-170E-4458-B1CA-956284B35AD8}.Debug|x86.Build.0 = Debug|Win32
		{68AFF1EA-170E-4458-B1CA-956284B35AD8}.Release|x64.ActiveCfg = Release|x64
		{68AFF1EA-170E-4458-B1CA-956284B35AD8}.Release|x64.Build.0 = Release|x64
		{68AFF1EA-170E-4458-B1CA-956284B35AD8}.Release|x86.ActiveCfg = Release|Win32
		{68AFF1EA-170E-4458-B1CA-956284B35AD8}.Release|x86.Build.0 = Release|Win32
		{26DB6EF7-D3C5-4811-A474-8B127FA1DDFD}.Debug|x64.ActiveCfg = Debug|x64
		{26DB6EF7-D3C5-4811-A474-8B127FA1DDFD}.Debug|x64.Build.0 = Debug|x64
		{26DB6EF7-D3C5-4811-A474-8B127FA1DDFD}.Debug|x86.ActiveCfg = Debug|Win32
		{26DB6EF7-D3C5-4811-A474-8B127FA1DDFD}.Debug|x86.Build.0 = Debug|Win32
		{26DB6EF7-D3C5-4811-A474-8B127FA1DDFD}.Release|x64.ActiveCfg = Release|x64
		{26DB6EF7-D3C5-4811-A474-8B127FA1DDFD}.Release|x64.Build.0 = Release|x64
		{26DB6EF7-D3C5-4811-A474-8B127FA1DDFD}.Release|x86.ActiveCfg = Release|Win32
		{26DB6EF7-D3C5-4811-A474-8B127FA1DDFD}.Release|x86.Build.0 = Release|Win32
		{6AC081D3-1F2B-4D2F-AB48-967AD93C2A8A}.Debug|x64.ActiveCfg = Debug|x64
		{6AC081D3-1F2B-4D2F-AB48-967AD93C2A8A}.Debug|x64.Build.0 = Debug|x64
		{6AC081D3-1F2B-4D2F-AB48-967AD93C2A8A}.Debug|x86.ActiveCfg = Debug|Win32
		{6AC081D3-1F2B-4D2F-AB48-967AD93C2A8A}.Debug|x86.Build.0 = Debug|Win32
		{6AC081D3-1F2B-4D2F-AB48-967AD93C2A8A}.Release|x64.ActiveCfg = Release|x64
		{6AC081D3-1F2B-4D2F-AB48-967AD93C2A8A}.Release|x64.Build.0 = Release|x64
		{6AC081D3-1F2B-4D2F-AB48-967AD93C2A8A}.Release|x86.ActiveCfg = Release|Win32
		{6AC081D3-1F2B-4D2F-AB48-967AD93C2A8A}.Release|x86.Build.0 = Release|Win32
		{4F6C29C4-A5CA-447D-9EEF-9E028AAF5649}.Debug|x64.ActiveCfg = Debug|x64
		{4F6C29C4-A5CA-447D-9EEF-9E028AAF5649}.Debug|x64.Build.0 = Debug|x64
		{4F6C29C4-A5CA-447D-9EEF-9E028AAF5649}.Debug|x86.ActiveCfg = Debug|Win32
		{4F6C29C4-A5CA-447D-9EEF-9E028AAF5649}.Debug|x86.Build.0 = Debug|Win32
		{4F6C29C4-A5CA-447D-9EEF-9E028AAF5649}.Release|x64.ActiveCfg = Release|x64
		{4F6C29C4-A5CA-447D-9EEF-9E028AAF5649}.Release|x64.Build.0 = Release|x64
		{4F6C29C4-A5CA-447D-9EEF-9E028AAF5649}.Release|x86.ActiveCfg = Release|Win32
		{4F6C29C4-A5CA-447D-9EEF-9E028AAF5649}.Release|x86.Build.0 = Release|Win32
	EndGlobalSection
	GlobalSection(SolutionProperties) = preSolution
		HideSolutionNode = FALSE
	EndGlobalSection
	GlobalSection(NestedProjects) = preSolution
		{16A569C0-A3A7-4C6C-B650-EE1AE80FD834} = {9DEBB352-7D8B-4E06-9799-A8D3505E7352}
		{A8FC49B0-73F8-4252-908F-C29F2E479DA6} = {DF8BE603-0D22-4120-B2A4-44F7FD14406F}
		{7EA4AEA7-C3B9-459D-A384-C3ED9252FD3E} = {9DEBB352-7D8B-4E06-9799-A8D3505E7352}
		{68AFF1EA-170E-4458-B1CA-956284B35AD8} = {9DEBB352-7D8B-4E06-9799-A8D3505E7352}
		{26DB6EF7-D3C5-4811-A474-8B127FA1DDFD} = {F47B01B5-C04E-4D7B-AF2E-367F0F745179}
		{6AC081D3-1F2B-4D2F-AB48-967AD93C2A8A} = {9DEBB352-7D8B-4E06-9799-A8D3505E7352}
		{4F6C29C4-A5CA-447D-9EEF-9E028AAF5649} = {F47B01B5-C04E-4D7B-AF2E-367F0F745179}
	EndGlobalSection
	GlobalSection(ExtensibilityGlobals) = postSolution
		SolutionGuid = {58215DE5-80B4-44F7-AAD1-C52FB203E1A1}
	EndGlobalSection
EndGlobal
