
Microsoft Visual Studio Solution File, Format Version 12.00
# Visual Studio Version 16
VisualStudioVersion = 16.0.31624.102
MinimumVisualStudioVersion = 10.0.40219.1
Project("{8BC9CEB8-8B4A-11D0-8D11-00A0C91BC942}") = "String01", "String01\String01.vcxproj", "{16A569C0-A3A7-4C6C-B650-EE1AE80FD834}"
EndProject
Project("{2150E333-8FDC-42A3-9474-1A3956D46DE8}") = "CLang", "CLang", "{DF8BE603-0D22-4120-B2A4-44F7FD14406F}"
EndProject
Project("{2150E333-8FDC-42A3-9474-1A3956D46DE8}") = "CPlus", "CPlus", "{9DEBB352-7D8B-4E06-9799-A8D3505E7352}"
EndProject
Project("{8BC9CEB8-8B4A-11D0-8D11-00A0C91BC942}") = "FileIO", "File\File.vcxproj", "{A8FC49B0-73F8-4252-908F-C29F2E479DA6}"
EndProject
Project("{2150E333-8FDC-42A3-9474-1A3956D46DE8}") = "Project", "Project", "{F47B01B5-C04E-4D7B-AF2E-367F0F745179}"
EndProject
Project("{8BC9CEB8-8B4A-11D0-8D11-00A0C91BC942}") = "FileIO", "FileIO\FileIO.vcxproj", "{7EA4AEA7-C3B9-459D-A384-C3ED9252FD3E}"
EndProject
Project("{8BC9CEB8-8B4A-11D0-8D11-00A0C91BC942}") = "KTemplateLinkedList", "KTemplateLinkedList\KTemplateLinkedList.vcxproj", "{68AFF1EA-170E-4458-B1CA-956284B35AD8}"
EndProject
Project("{8BC9CEB8-8B4A-11D0-8D11-00A0C91BC942}") = "ScoreManager", "Manager\Manager.vcxproj", "{26DB6EF7-D3C5-4811-A474-8B127FA1DDFD}"
EndProject
Project("{8BC9CEB8-8B4A-11D0-8D11-00A0C91BC942}") = "OverridedOper", "OverridedOper\OverridedOper.vcxproj", "{6AC081D3-1F2B-4D2F-AB48-967AD93C2A8A}"
EndProject
Project("{8BC9CEB8-8B4A-11D0-8D11-00A0C91BC942}") = "Octree", "Octree\Octree.vcxproj", "{4F6C29C4-A5CA-447D-9EEF-9E028AAF5649}"
EndProject
Project("{2150E333-8FDC-42A3-9474-1A3956D46DE8}") = "Server", "Server", "{42662479-5E37-419D-8226-197F253AB099}"
EndProject
Project("{8BC9CEB8-8B4A-11D0-8D11-00A0C91BC942}") = "Socket_Client", "Socket_0\Socket_0.vcxproj", "{9E82DAF3-3F76-4E71-9A90-3D830742A3AB}"
EndProject
Project("{8BC9CEB8-8B4A-11D0-8D11-00A0C91BC942}") = "Socket_Server", "Socket_Host\Socket_Host.vcxproj", "{45D96B0C-C793-4F03-878B-935E8D9F89B4}"
EndProject
Project("{2150E333-8FDC-42A3-9474-1A3956D46DE8}") = "Echo", "Echo", "{C1340DA2-1BEF-4CF1-B8F6-2FEA5C20A054}"
EndProject
Project("{2150E333-8FDC-42A3-9474-1A3956D46DE8}") = "Chat", "Chat", "{FDE382DF-83D6-4F2C-BD4C-5D00DE6C0608}"
EndProject
Project("{8BC9CEB8-8B4A-11D0-8D11-00A0C91BC942}") = "ServerChat", "ServerChat\ServerChat.vcxproj", "{7D65E703-EFBB-49E4-8801-B152D48D2C6A}"
EndProject
Project("{8BC9CEB8-8B4A-11D0-8D11-00A0C91BC942}") = "ClientChat", "ClientChat\ClientChat.vcxproj", "{33982230-56E5-4664-B59B-74851CF31821}"
EndProject
Project("{2150E333-8FDC-42A3-9474-1A3956D46DE8}") = "MakePacket", "MakePacket", "{B2EB472D-1A37-4091-8CD9-E74CECDA3751}"
EndProject
Project("{8BC9CEB8-8B4A-11D0-8D11-00A0C91BC942}") = "Packet_Server", "Packet_Server\Packet_Server.vcxproj", "{2913541E-1A58-431B-BB52-6E546135E6AB}"
EndProject
Project("{8BC9CEB8-8B4A-11D0-8D11-00A0C91BC942}") = "Packet_Client", "Packet_Client\Packet_Client.vcxproj", "{CC6617B8-ABD0-47D4-AD31-F97955BAE3D1}"
EndProject
Global
	GlobalSection(SolutionConfigurationPlatforms) = preSolution
		Debug|x64 = Debug|x64
		Debug|x86 = Debug|x86
		Release|x64 = Release|x64
		Release|x86 = Release|x86
	EndGlobalSection
	GlobalSection(ProjectConfigurationPlatforms) = postSolution
		{16A569C0-A3A7-4C6C-B650-EE1AE80FD834}.Debug|x64.ActiveCfg = Debug|x64
		{16A569C0-A3A7-4C6C-B650-EE1AE80FD834}.Debug|x64.Build.0 = Debug|x64
		{16A569C0-A3A7-4C6C-B650-EE1AE80FD834}.Debug|x86.ActiveCfg = Debug|Win32
		{16A569C0-A3A7-4C6C-B650-EE1AE80FD834}.Debug|x86.Build.0 = Debug|Win32
		{16A569C0-A3A7-4C6C-B650-EE1AE80FD834}.Release|x64.ActiveCfg = Release|x64
		{16A569C0-A3A7-4C6C-B650-EE1AE80FD834}.Release|x64.Build.0 = Release|x64
		{16A569C0-A3A7-4C6C-B650-EE1AE80FD834}.Release|x86.ActiveCfg = Release|Win32
		{16A569C0-A3A7-4C6C-B650-EE1AE80FD834}.Release|x86.Build.0 = Release|Win32
		{A8FC49B0-73F8-4252-908F-C29F2E479DA6}.Debug|x64.ActiveCfg = Debug|x64
		{A8FC49B0-73F8-4252-908F-C29F2E479DA6}.Debug|x64.Build.0 = Debug|x64
		{A8FC49B0-73F8-4252-908F-C29F2E479DA6}.Debug|x86.ActiveCfg = Debug|Win32
		{A8FC49B0-73F8-4252-908F-C29F2E479DA6}.Debug|x86.Build.0 = Debug|Win32
		{A8FC49B0-73F8-4252-908F-C29F2E479DA6}.Release|x64.ActiveCfg = Release|x64
		{A8FC49B0-73F8-4252-908F-C29F2E479DA6}.Release|x64.Build.0 = Release|x64
		{A8FC49B0-73F8-4252-908F-C29F2E479DA6}.Release|x86.ActiveCfg = Release|Win32
		{A8FC49B0-73F8-4252-908F-C29F2E479DA6}.Release|x86.Build.0 = Release|Win32
		{7EA4AEA7-C3B9-459D-A384-C3ED9252FD3E}.Debug|x64.ActiveCfg = Debug|x64
		{7EA4AEA7-C3B9-459D-A384-C3ED9252FD3E}.Debug|x64.Build.0 = Debug|x64
		{7EA4AEA7-C3B9-459D-A384-C3ED9252FD3E}.Debug|x86.ActiveCfg = Debug|Win32
		{7EA4AEA7-C3B9-459D-A384-C3ED9252FD3E}.Debug|x86.Build.0 = Debug|Win32
		{7EA4AEA7-C3B9-459D-A384-C3ED9252FD3E}.Release|x64.ActiveCfg = Release|x64
		{7EA4AEA7-C3B9-459D-A384-C3ED9252FD3E}.Release|x64.Build.0 = Release|x64
		{7EA4AEA7-C3B9-459D-A384-C3ED9252FD3E}.Release|x86.ActiveCfg = Release|Win32
		{7EA4AEA7-C3B9-459D-A384-C3ED9252FD3E}.Release|x86.Build.0 = Release|Win32
		{68AFF1EA-170E-4458-B1CA-956284B35AD8}.Debug|x64.ActiveCfg = Debug|x64
		{68AFF1EA-170E-4458-B1CA-956284B35AD8}.Debug|x64.Build.0 = Debug|x64
		{68AFF1EA-170E-4458-B1CA-956284B35AD8}.Debug|x86.ActiveCfg = Debug|Win32
		{68AFF1EA-170E-4458-B1CA-956284B35AD8}.Debug|x86.Build.0 = Debug|Win32
		{68AFF1EA-170E-4458-B1CA-956284B35AD8}.Release|x64.ActiveCfg = Release|x64
		{68AFF1EA-170E-4458-B1CA-956284B35AD8}.Release|x64.Build.0 = Release|x64
		{68AFF1EA-170E-4458-B1CA-956284B35AD8}.Release|x86.ActiveCfg = Release|Win32
		{68AFF1EA-170E-4458-B1CA-956284B35AD8}.Release|x86.Build.0 = Release|Win32
		{26DB6EF7-D3C5-4811-A474-8B127FA1DDFD}.Debug|x64.ActiveCfg = Debug|x64
		{26DB6EF7-D3C5-4811-A474-8B127FA1DDFD}.Debug|x64.Build.0 = Debug|x64
		{26DB6EF7-D3C5-4811-A474-8B127FA1DDFD}.Debug|x86.ActiveCfg = Debug|Win32
		{26DB6EF7-D3C5-4811-A474-8B127FA1DDFD}.Debug|x86.Build.0 = Debug|Win32
		{26DB6EF7-D3C5-4811-A474-8B127FA1DDFD}.Release|x64.ActiveCfg = Release|x64
		{26DB6EF7-D3C5-4811-A474-8B127FA1DDFD}.Release|x64.Build.0 = Release|x64
		{26DB6EF7-D3C5-4811-A474-8B127FA1DDFD}.Release|x86.ActiveCfg = Release|Win32
		{26DB6EF7-D3C5-4811-A474-8B127FA1DDFD}.Release|x86.Build.0 = Release|Win32
		{6AC081D3-1F2B-4D2F-AB48-967AD93C2A8A}.Debug|x64.ActiveCfg = Debug|x64
		{6AC081D3-1F2B-4D2F-AB48-967AD93C2A8A}.Debug|x64.Build.0 = Debug|x64
		{6AC081D3-1F2B-4D2F-AB48-967AD93C2A8A}.Debug|x86.ActiveCfg = Debug|Win32
		{6AC081D3-1F2B-4D2F-AB48-967AD93C2A8A}.Debug|x86.Build.0 = Debug|Win32
		{6AC081D3-1F2B-4D2F-AB48-967AD93C2A8A}.Release|x64.ActiveCfg = Release|x64
		{6AC081D3-1F2B-4D2F-AB48-967AD93C2A8A}.Release|x64.Build.0 = Release|x64
		{6AC081D3-1F2B-4D2F-AB48-967AD93C2A8A}.Release|x86.ActiveCfg = Release|Win32
		{6AC081D3-1F2B-4D2F-AB48-967AD93C2A8A}.Release|x86.Build.0 = Release|Win32
		{4F6C29C4-A5CA-447D-9EEF-9E028AAF5649}.Debug|x64.ActiveCfg = Debug|x64
		{4F6C29C4-A5CA-447D-9EEF-9E028AAF5649}.Debug|x64.Build.0 = Debug|x64
		{4F6C29C4-A5CA-447D-9EEF-9E028AAF5649}.Debug|x86.ActiveCfg = Debug|Win32
		{4F6C29C4-A5CA-447D-9EEF-9E028AAF5649}.Debug|x86.Build.0 = Debug|Win32
		{4F6C29C4-A5CA-447D-9EEF-9E028AAF5649}.Release|x64.ActiveCfg = Release|x64
		{4F6C29C4-A5CA-447D-9EEF-9E028AAF5649}.Release|x64.Build.0 = Release|x64
		{4F6C29C4-A5CA-447D-9EEF-9E028AAF5649}.Release|x86.ActiveCfg = Release|Win32
		{4F6C29C4-A5CA-447D-9EEF-9E028AAF5649}.Release|x86.Build.0 = Release|Win32
		{9E82DAF3-3F76-4E71-9A90-3D830742A3AB}.Debug|x64.ActiveCfg = Debug|x64
		{9E82DAF3-3F76-4E71-9A90-3D830742A3AB}.Debug|x64.Build.0 = Debug|x64
		{9E82DAF3-3F76-4E71-9A90-3D830742A3AB}.Debug|x86.ActiveCfg = Debug|Win32
		{9E82DAF3-3F76-4E71-9A90-3D830742A3AB}.Debug|x86.Build.0 = Debug|Win32
		{9E82DAF3-3F76-4E71-9A90-3D830742A3AB}.Release|x64.ActiveCfg = Release|x64
		{9E82DAF3-3F76-4E71-9A90-3D830742A3AB}.Release|x64.Build.0 = Release|x64
		{9E82DAF3-3F76-4E71-9A90-3D830742A3AB}.Release|x86.ActiveCfg = Release|Win32
		{9E82DAF3-3F76-4E71-9A90-3D830742A3AB}.Release|x86.Build.0 = Release|Win32
		{45D96B0C-C793-4F03-878B-935E8D9F89B4}.Debug|x64.ActiveCfg = Debug|x64
		{45D96B0C-C793-4F03-878B-935E8D9F89B4}.Debug|x64.Build.0 = Debug|x64
		{45D96B0C-C793-4F03-878B-935E8D9F89B4}.Debug|x86.ActiveCfg = Debug|Win32
		{45D96B0C-C793-4F03-878B-935E8D9F89B4}.Debug|x86.Build.0 = Debug|Win32
		{45D96B0C-C793-4F03-878B-935E8D9F89B4}.Release|x64.ActiveCfg = Release|x64
		{45D96B0C-C793-4F03-878B-935E8D9F89B4}.Release|x64.Build.0 = Release|x64
		{45D96B0C-C793-4F03-878B-935E8D9F89B4}.Release|x86.ActiveCfg = Release|Win32
		{45D96B0C-C793-4F03-878B-935E8D9F89B4}.Release|x86.Build.0 = Release|Win32
		{7D65E703-EFBB-49E4-8801-B152D48D2C6A}.Debug|x64.ActiveCfg = Debug|x64
		{7D65E703-EFBB-49E4-8801-B152D48D2C6A}.Debug|x64.Build.0 = Debug|x64
		{7D65E703-EFBB-49E4-8801-B152D48D2C6A}.Debug|x86.ActiveCfg = Debug|Win32
		{7D65E703-EFBB-49E4-8801-B152D48D2C6A}.Debug|x86.Build.0 = Debug|Win32
		{7D65E703-EFBB-49E4-8801-B152D48D2C6A}.Release|x64.ActiveCfg = Release|x64
		{7D65E703-EFBB-49E4-8801-B152D48D2C6A}.Release|x64.Build.0 = Release|x64
		{7D65E703-EFBB-49E4-8801-B152D48D2C6A}.Release|x86.ActiveCfg = Release|Win32
		{7D65E703-EFBB-49E4-8801-B152D48D2C6A}.Release|x86.Build.0 = Release|Win32
		{33982230-56E5-4664-B59B-74851CF31821}.Debug|x64.ActiveCfg = Debug|x64
		{33982230-56E5-4664-B59B-74851CF31821}.Debug|x64.Build.0 = Debug|x64
		{33982230-56E5-4664-B59B-74851CF31821}.Debug|x86.ActiveCfg = Debug|Win32
		{33982230-56E5-4664-B59B-74851CF31821}.Debug|x86.Build.0 = Debug|Win32
		{33982230-56E5-4664-B59B-74851CF31821}.Release|x64.ActiveCfg = Release|x64
		{33982230-56E5-4664-B59B-74851CF31821}.Release|x64.Build.0 = Release|x64
		{33982230-56E5-4664-B59B-74851CF31821}.Release|x86.ActiveCfg = Release|Win32
		{33982230-56E5-4664-B59B-74851CF31821}.Release|x86.Build.0 = Release|Win32
		{2913541E-1A58-431B-BB52-6E546135E6AB}.Debug|x64.ActiveCfg = Debug|x64
		{2913541E-1A58-431B-BB52-6E546135E6AB}.Debug|x64.Build.0 = Debug|x64
		{2913541E-1A58-431B-BB52-6E546135E6AB}.Debug|x86.ActiveCfg = Debug|Win32
		{2913541E-1A58-431B-BB52-6E546135E6AB}.Debug|x86.Build.0 = Debug|Win32
		{2913541E-1A58-431B-BB52-6E546135E6AB}.Release|x64.ActiveCfg = Release|x64
		{2913541E-1A58-431B-BB52-6E546135E6AB}.Release|x64.Build.0 = Release|x64
		{2913541E-1A58-431B-BB52-6E546135E6AB}.Release|x86.ActiveCfg = Release|Win32
		{2913541E-1A58-431B-BB52-6E546135E6AB}.Release|x86.Build.0 = Release|Win32
		{CC6617B8-ABD0-47D4-AD31-F97955BAE3D1}.Debug|x64.ActiveCfg = Debug|x64
		{CC6617B8-ABD0-47D4-AD31-F97955BAE3D1}.Debug|x64.Build.0 = Debug|x64
		{CC6617B8-ABD0-47D4-AD31-F97955BAE3D1}.Debug|x86.ActiveCfg = Debug|Win32
		{CC6617B8-ABD0-47D4-AD31-F97955BAE3D1}.Debug|x86.Build.0 = Debug|Win32
		{CC6617B8-ABD0-47D4-AD31-F97955BAE3D1}.Release|x64.ActiveCfg = Release|x64
		{CC6617B8-ABD0-47D4-AD31-F97955BAE3D1}.Release|x64.Build.0 = Release|x64
		{CC6617B8-ABD0-47D4-AD31-F97955BAE3D1}.Release|x86.ActiveCfg = Release|Win32
		{CC6617B8-ABD0-47D4-AD31-F97955BAE3D1}.Release|x86.Build.0 = Release|Win32
	EndGlobalSection
	GlobalSection(SolutionProperties) = preSolution
		HideSolutionNode = FALSE
	EndGlobalSection
	GlobalSection(NestedProjects) = preSolution
		{16A569C0-A3A7-4C6C-B650-EE1AE80FD834} = {9DEBB352-7D8B-4E06-9799-A8D3505E7352}
		{A8FC49B0-73F8-4252-908F-C29F2E479DA6} = {DF8BE603-0D22-4120-B2A4-44F7FD14406F}
		{7EA4AEA7-C3B9-459D-A384-C3ED9252FD3E} = {9DEBB352-7D8B-4E06-9799-A8D3505E7352}
		{68AFF1EA-170E-4458-B1CA-956284B35AD8} = {9DEBB352-7D8B-4E06-9799-A8D3505E7352}
		{26DB6EF7-D3C5-4811-A474-8B127FA1DDFD} = {F47B01B5-C04E-4D7B-AF2E-367F0F745179}
		{6AC081D3-1F2B-4D2F-AB48-967AD93C2A8A} = {9DEBB352-7D8B-4E06-9799-A8D3505E7352}
		{4F6C29C4-A5CA-447D-9EEF-9E028AAF5649} = {F47B01B5-C04E-4D7B-AF2E-367F0F745179}
		{9E82DAF3-3F76-4E71-9A90-3D830742A3AB} = {C1340DA2-1BEF-4CF1-B8F6-2FEA5C20A054}
		{45D96B0C-C793-4F03-878B-935E8D9F89B4} = {C1340DA2-1BEF-4CF1-B8F6-2FEA5C20A054}
		{C1340DA2-1BEF-4CF1-B8F6-2FEA5C20A054} = {42662479-5E37-419D-8226-197F253AB099}
		{FDE382DF-83D6-4F2C-BD4C-5D00DE6C0608} = {42662479-5E37-419D-8226-197F253AB099}
		{7D65E703-EFBB-49E4-8801-B152D48D2C6A} = {FDE382DF-83D6-4F2C-BD4C-5D00DE6C0608}
		{33982230-56E5-4664-B59B-74851CF31821} = {FDE382DF-83D6-4F2C-BD4C-5D00DE6C0608}
		{B2EB472D-1A37-4091-8CD9-E74CECDA3751} = {42662479-5E37-419D-8226-197F253AB099}
		{2913541E-1A58-431B-BB52-6E546135E6AB} = {B2EB472D-1A37-4091-8CD9-E74CECDA3751}
		{CC6617B8-ABD0-47D4-AD31-F97955BAE3D1} = {B2EB472D-1A37-4091-8CD9-E74CECDA3751}
	EndGlobalSection
	GlobalSection(ExtensibilityGlobals) = postSolution
		SolutionGuid = {58215DE5-80B4-44F7-AAD1-C52FB203E1A1}
	EndGlobalSection
EndGlobal
