
Microsoft Visual Studio Solution File, Format Version 12.00
# Visual Studio Version 16
VisualStudioVersion = 16.0.31624.102
MinimumVisualStudioVersion = 10.0.40219.1
Project("{8BC9CEB8-8B4A-11D0-8D11-00A0C91BC942}") = "Test", "String01\String01.vcxproj", "{16A569C0-A3A7-4C6C-B650-EE1AE80FD834}"
EndProject
Project("{2150E333-8FDC-42A3-9474-1A3956D46DE8}") = "CLang", "CLang", "{DF8BE603-0D22-4120-B2A4-44F7FD14406F}"
EndProject
Project("{2150E333-8FDC-42A3-9474-1A3956D46DE8}") = "CPlus", "CPlus", "{9DEBB352-7D8B-4E06-9799-A8D3505E7352}"
EndProject
Project("{8BC9CEB8-8B4A-11D0-8D11-00A0C91BC942}") = "FileIO", "File\File.vcxproj", "{A8FC49B0-73F8-4252-908F-C29F2E479DA6}"
EndProject
Project("{2150E333-8FDC-42A3-9474-1A3956D46DE8}") = "Project", "Project", "{F47B01B5-C04E-4D7B-AF2E-367F0F745179}"
EndProject
Project("{8BC9CEB8-8B4A-11D0-8D11-00A0C91BC942}") = "FileIO", "FileIO\FileIO.vcxproj", "{7EA4AEA7-C3B9-459D-A384-C3ED9252FD3E}"
EndProject
Project("{8BC9CEB8-8B4A-11D0-8D11-00A0C91BC942}") = "KTemplateLinkedList", "KTemplateLinkedList\KTemplateLinkedList.vcxproj", "{68AFF1EA-170E-4458-B1CA-956284B35AD8}"
EndProject
Project("{8BC9CEB8-8B4A-11D0-8D11-00A0C91BC942}") = "ScoreManager", "Manager\Manager.vcxproj", "{26DB6EF7-D3C5-4811-A474-8B127FA1DDFD}"
EndProject
Project("{8BC9CEB8-8B4A-11D0-8D11-00A0C91BC942}") = "OverridedOper", "OverridedOper\OverridedOper.vcxproj", "{6AC081D3-1F2B-4D2F-AB48-967AD93C2A8A}"
EndProject
Project("{8BC9CEB8-8B4A-11D0-8D11-00A0C91BC942}") = "Octree", "Octree\Octree.vcxproj", "{4F6C29C4-A5CA-447D-9EEF-9E028AAF5649}"
EndProject
Project("{2150E333-8FDC-42A3-9474-1A3956D46DE8}") = "Server", "Server", "{42662479-5E37-419D-8226-197F253AB099}"
EndProject
Project("{8BC9CEB8-8B4A-11D0-8D11-00A0C91BC942}") = "Socket_Client", "Socket_0\Socket_0.vcxproj", "{9E82DAF3-3F76-4E71-9A90-3D830742A3AB}"
EndProject
Project("{8BC9CEB8-8B4A-11D0-8D11-00A0C91BC942}") = "Socket_Server", "Socket_Host\Socket_Host.vcxproj", "{45D96B0C-C793-4F03-878B-935E8D9F89B4}"
EndProject
Project("{2150E333-8FDC-42A3-9474-1A3956D46DE8}") = "Echo", "Echo", "{C1340DA2-1BEF-4CF1-B8F6-2FEA5C20A054}"
EndProject
Project("{2150E333-8FDC-42A3-9474-1A3956D46DE8}") = "Chat", "Chat", "{FDE382DF-83D6-4F2C-BD4C-5D00DE6C0608}"
EndProject
Project("{8BC9CEB8-8B4A-11D0-8D11-00A0C91BC942}") = "ServerChat", "ServerChat\ServerChat.vcxproj", "{7D65E703-EFBB-49E4-8801-B152D48D2C6A}"
EndProject
Project("{8BC9CEB8-8B4A-11D0-8D11-00A0C91BC942}") = "ClientChat", "ClientChat\ClientChat.vcxproj", "{33982230-56E5-4664-B59B-74851CF31821}"
EndProject
Project("{2150E333-8FDC-42A3-9474-1A3956D46DE8}") = "MakePacket", "MakePacket", "{B2EB472D-1A37-4091-8CD9-E74CECDA3751}"
EndProject
Project("{8BC9CEB8-8B4A-11D0-8D11-00A0C91BC942}") = "Packet_Server", "Packet_Server\Packet_Server.vcxproj", "{2913541E-1A58-431B-BB52-6E546135E6AB}"
EndProject
Project("{8BC9CEB8-8B4A-11D0-8D11-00A0C91BC942}") = "Packet_Client", "Packet_Client\Packet_Client.vcxproj", "{CC6617B8-ABD0-47D4-AD31-F97955BAE3D1}"
EndProject
Project("{2150E333-8FDC-42A3-9474-1A3956D46DE8}") = "Thread", "Thread", "{57128C36-5525-4A40-A55B-F6C389E1DDDC}"
EndProject
Project("{8BC9CEB8-8B4A-11D0-8D11-00A0C91BC942}") = "Thread_Client", "Thread_Client\Thread_Client.vcxproj", "{103A1A4F-A026-4C6B-ACF6-CF7CEA1C075E}"
EndProject
Project("{8BC9CEB8-8B4A-11D0-8D11-00A0C91BC942}") = "Thread_Server", "Thread_Server\Thread_Server.vcxproj", "{1A264ECE-455E-461F-AEDF-0685D13C8EA8}"
EndProject
Project("{2150E333-8FDC-42A3-9474-1A3956D46DE8}") = "Select", "Select", "{41232E1E-8E03-4E9D-87A6-3DA1B83E9A38}"
EndProject
Project("{8BC9CEB8-8B4A-11D0-8D11-00A0C91BC942}") = "SelectServer", "SelectServer\SelectServer.vcxproj", "{914DF558-B1C1-4AEF-BA8C-C5E900B151B5}"
EndProject
Project("{8BC9CEB8-8B4A-11D0-8D11-00A0C91BC942}") = "EventSelectServer", "EventSelectServer\EventSelectServer.vcxproj", "{53DC8E9A-79DE-444D-9764-8A869F4E25AE}"
EndProject
Project("{2150E333-8FDC-42A3-9474-1A3956D46DE8}") = "Window", "Window", "{9A216FB9-7C4A-4CA7-946B-6BF77E4CB39D}"
EndProject
Project("{8BC9CEB8-8B4A-11D0-8D11-00A0C91BC942}") = "Sample_SelectClient", "Sample_SelectClient\Sample_SelectClient.vcxproj", "{BDFAD3C1-62AD-4454-9629-CFD2F14249E3}"
EndProject
Project("{8BC9CEB8-8B4A-11D0-8D11-00A0C91BC942}") = "KD3DLib", "KD3DLib\KD3DLib.vcxproj", "{05E37C1F-188E-4374-969E-60582876A434}"
EndProject
Project("{8BC9CEB8-8B4A-11D0-8D11-00A0C91BC942}") = "Sample_SelectClient_imgui", "Sample_SelectClient_imgui\Sample_SelectClient_imgui.vcxproj", "{40F5C6E7-E272-4899-A5EB-13107408CE4B}"
EndProject
Project("{8BC9CEB8-8B4A-11D0-8D11-00A0C91BC942}") = "KNetworkLib", "KNetworkLib\KNetworkLib.vcxproj", "{BBBD9341-A877-4B03-8DFF-BEA397A09E9A}"
EndProject
Project("{8BC9CEB8-8B4A-11D0-8D11-00A0C91BC942}") = "Sample_KNetwork", "Sample_KNetwork\Sample_KNetwork.vcxproj", "{295BB2AC-26CE-4938-84A6-1A256D695E44}"
EndProject
Project("{8BC9CEB8-8B4A-11D0-8D11-00A0C91BC942}") = "KServerLib", "KServerLib\KServerLib.vcxproj", "{98B90A34-C4CA-4EC9-BD53-20A9FA65FB94}"
EndProject
Project("{8BC9CEB8-8B4A-11D0-8D11-00A0C91BC942}") = "Sample_KServer", "Sample_KServer\Sample_KServer.vcxproj", "{6FA2D5A2-8C1C-48B7-9740-77FEBACD0C53}"
EndProject
Project("{8BC9CEB8-8B4A-11D0-8D11-00A0C91BC942}") = "AsyncIO", "AsyncIO\AsyncIO.vcxproj", "{8F8EDFDD-E45A-41D9-8843-E462A42216F7}"
EndProject
Project("{8BC9CEB8-8B4A-11D0-8D11-00A0C91BC942}") = "AsyncIOBlock", "AsyncIOBlock\AsyncIOBlock.vcxproj", "{A53E3C53-48BC-4D6C-A61F-7D0128574BD2}"
EndProject
Project("{2150E333-8FDC-42A3-9474-1A3956D46DE8}") = "AsyncIOModel", "AsyncIOModel", "{BA0B5A26-ECD5-4896-A9D2-A1B020E4FF03}"
EndProject
Project("{8BC9CEB8-8B4A-11D0-8D11-00A0C91BC942}") = "IOCP", "IOCP\IOCP.vcxproj", "{80B6E3F2-7BC8-4AFD-98F9-3AB7703A4A2C}"
EndProject
Project("{8BC9CEB8-8B4A-11D0-8D11-00A0C91BC942}") = "Sample_KServerIOCP", "Sample_ServerIOCP\Sample_ServerIOCP.vcxproj", "{7921BA97-3283-4EA8-A364-4A9A5635E7E6}"
EndProject
Project("{8BC9CEB8-8B4A-11D0-8D11-00A0C91BC942}") = "CallFuction", "CallFuction\CallFuction.vcxproj", "{19D9FC2B-B5DD-4ED7-9B7F-D26DF8FF7400}"
EndProject
Project("{2150E333-8FDC-42A3-9474-1A3956D46DE8}") = "OBDC", "OBDC", "{7E00AE0E-C6CF-4719-9465-F620C21A9544}"
EndProject
Project("{8BC9CEB8-8B4A-11D0-8D11-00A0C91BC942}") = "ODBC_0", "OBDC_0\OBDC_0.vcxproj", "{6908BD18-7C3C-4F22-8D69-52423CDE6C65}"
EndProject
Project("{8BC9CEB8-8B4A-11D0-8D11-00A0C91BC942}") = "ODBC_1", "OBDC_1\OBDC_1.vcxproj", "{43A5FBF5-5B0A-47DC-9BB5-D4E3F4420444}"
EndProject
Project("{8BC9CEB8-8B4A-11D0-8D11-00A0C91BC942}") = "ODBC_2", "ODBC_2\ODBC_2.vcxproj", "{8B38C772-A611-4959-B838-206C859857C5}"
EndProject
Project("{8BC9CEB8-8B4A-11D0-8D11-00A0C91BC942}") = "ODBC_PROCEDURE", "ODBC_3\ODBC_3.vcxproj", "{8A93667E-79FE-49EC-99BA-75B42E06A616}"
EndProject
Project("{2150E333-8FDC-42A3-9474-1A3956D46DE8}") = "Demo", "Demo", "{1A429663-0244-4197-89E3-E3907A86FF0B}"
EndProject
Project("{2150E333-8FDC-42A3-9474-1A3956D46DE8}") = "Legacy", "Legacy", "{634BD90D-C60A-4B22-93C2-B38BFB1DF543}"
EndProject
Project("{8BC9CEB8-8B4A-11D0-8D11-00A0C91BC942}") = "KClient", "KClient\KClient.vcxproj", "{8BD22A2C-EEB2-4E5C-BE75-AECB0496CB47}"
EndProject
Project("{8BC9CEB8-8B4A-11D0-8D11-00A0C91BC942}") = "KClient2", "KClient2\KClient2.vcxproj", "{F622A1A6-D38D-48E6-A550-E3C42CD792BF}"
EndProject
Project("{8BC9CEB8-8B4A-11D0-8D11-00A0C91BC942}") = "Sample_ViewPort", "Sample_ViewPort\Sample_ViewPort.vcxproj", "{9B22E0CA-2A1E-43AA-9CA7-CE5DA98F434A}"
EndProject
Project("{8BC9CEB8-8B4A-11D0-8D11-00A0C91BC942}") = "Sample_QuadTree", "Sample_QuadTree\Sample_QuadTree.vcxproj", "{A4CD1C32-3A31-4CC4-A73F-90134697F7AB}"
EndProject
Project("{8BC9CEB8-8B4A-11D0-8D11-00A0C91BC942}") = "Sample_Terrian01", "Sample_Terrian01\Sample_Terrian01.vcxproj", "{6E173BDB-78C5-401E-84BF-60AB659DB450}"
EndProject
Global
	GlobalSection(SolutionConfigurationPlatforms) = preSolution
		Debug|x64 = Debug|x64
		Debug|x86 = Debug|x86
		Release|x64 = Release|x64
		Release|x86 = Release|x86
	EndGlobalSection
	GlobalSection(ProjectConfigurationPlatforms) = postSolution
		{16A569C0-A3A7-4C6C-B650-EE1AE80FD834}.Debug|x64.ActiveCfg = Debug|x64
		{16A569C0-A3A7-4C6C-B650-EE1AE80FD834}.Debug|x64.Build.0 = Debug|x64
		{16A569C0-A3A7-4C6C-B650-EE1AE80FD834}.Debug|x86.ActiveCfg = Debug|Win32
		{16A569C0-A3A7-4C6C-B650-EE1AE80FD834}.Debug|x86.Build.0 = Debug|Win32
		{16A569C0-A3A7-4C6C-B650-EE1AE80FD834}.Release|x64.ActiveCfg = Release|x64
		{16A569C0-A3A7-4C6C-B650-EE1AE80FD834}.Release|x64.Build.0 = Release|x64
		{16A569C0-A3A7-4C6C-B650-EE1AE80FD834}.Release|x86.ActiveCfg = Release|Win32
		{16A569C0-A3A7-4C6C-B650-EE1AE80FD834}.Release|x86.Build.0 = Release|Win32
		{A8FC49B0-73F8-4252-908F-C29F2E479DA6}.Debug|x64.ActiveCfg = Debug|x64
		{A8FC49B0-73F8-4252-908F-C29F2E479DA6}.Debug|x64.Build.0 = Debug|x64
		{A8FC49B0-73F8-4252-908F-C29F2E479DA6}.Debug|x86.ActiveCfg = Debug|Win32
		{A8FC49B0-73F8-4252-908F-C29F2E479DA6}.Debug|x86.Build.0 = Debug|Win32
		{A8FC49B0-73F8-4252-908F-C29F2E479DA6}.Release|x64.ActiveCfg = Release|x64
		{A8FC49B0-73F8-4252-908F-C29F2E479DA6}.Release|x64.Build.0 = Release|x64
		{A8FC49B0-73F8-4252-908F-C29F2E479DA6}.Release|x86.ActiveCfg = Release|Win32
		{A8FC49B0-73F8-4252-908F-C29F2E479DA6}.Release|x86.Build.0 = Release|Win32
		{7EA4AEA7-C3B9-459D-A384-C3ED9252FD3E}.Debug|x64.ActiveCfg = Debug|x64
		{7EA4AEA7-C3B9-459D-A384-C3ED9252FD3E}.Debug|x64.Build.0 = Debug|x64
		{7EA4AEA7-C3B9-459D-A384-C3ED9252FD3E}.Debug|x86.ActiveCfg = Debug|Win32
		{7EA4AEA7-C3B9-459D-A384-C3ED9252FD3E}.Debug|x86.Build.0 = Debug|Win32
		{7EA4AEA7-C3B9-459D-A384-C3ED9252FD3E}.Release|x64.ActiveCfg = Release|x64
		{7EA4AEA7-C3B9-459D-A384-C3ED9252FD3E}.Release|x64.Build.0 = Release|x64
		{7EA4AEA7-C3B9-459D-A384-C3ED9252FD3E}.Release|x86.ActiveCfg = Release|Win32
		{7EA4AEA7-C3B9-459D-A384-C3ED9252FD3E}.Release|x86.Build.0 = Release|Win32
		{68AFF1EA-170E-4458-B1CA-956284B35AD8}.Debug|x64.ActiveCfg = Debug|x64
		{68AFF1EA-170E-4458-B1CA-956284B35AD8}.Debug|x64.Build.0 = Debug|x64
		{68AFF1EA-170E-4458-B1CA-956284B35AD8}.Debug|x86.ActiveCfg = Debug|Win32
		{68AFF1EA-170E-4458-B1CA-956284B35AD8}.Debug|x86.Build.0 = Debug|Win32
		{68AFF1EA-170E-4458-B1CA-956284B35AD8}.Release|x64.ActiveCfg = Release|x64
		{68AFF1EA-170E-4458-B1CA-956284B35AD8}.Release|x64.Build.0 = Release|x64
		{68AFF1EA-170E-4458-B1CA-956284B35AD8}.Release|x86.ActiveCfg = Release|Win32
		{68AFF1EA-170E-4458-B1CA-956284B35AD8}.Release|x86.Build.0 = Release|Win32
		{26DB6EF7-D3C5-4811-A474-8B127FA1DDFD}.Debug|x64.ActiveCfg = Debug|x64
		{26DB6EF7-D3C5-4811-A474-8B127FA1DDFD}.Debug|x64.Build.0 = Debug|x64
		{26DB6EF7-D3C5-4811-A474-8B127FA1DDFD}.Debug|x86.ActiveCfg = Debug|Win32
		{26DB6EF7-D3C5-4811-A474-8B127FA1DDFD}.Debug|x86.Build.0 = Debug|Win32
		{26DB6EF7-D3C5-4811-A474-8B127FA1DDFD}.Release|x64.ActiveCfg = Release|x64
		{26DB6EF7-D3C5-4811-A474-8B127FA1DDFD}.Release|x64.Build.0 = Release|x64
		{26DB6EF7-D3C5-4811-A474-8B127FA1DDFD}.Release|x86.ActiveCfg = Release|Win32
		{26DB6EF7-D3C5-4811-A474-8B127FA1DDFD}.Release|x86.Build.0 = Release|Win32
		{6AC081D3-1F2B-4D2F-AB48-967AD93C2A8A}.Debug|x64.ActiveCfg = Debug|x64
		{6AC081D3-1F2B-4D2F-AB48-967AD93C2A8A}.Debug|x64.Build.0 = Debug|x64
		{6AC081D3-1F2B-4D2F-AB48-967AD93C2A8A}.Debug|x86.ActiveCfg = Debug|Win32
		{6AC081D3-1F2B-4D2F-AB48-967AD93C2A8A}.Debug|x86.Build.0 = Debug|Win32
		{6AC081D3-1F2B-4D2F-AB48-967AD93C2A8A}.Release|x64.ActiveCfg = Release|x64
		{6AC081D3-1F2B-4D2F-AB48-967AD93C2A8A}.Release|x64.Build.0 = Release|x64
		{6AC081D3-1F2B-4D2F-AB48-967AD93C2A8A}.Release|x86.ActiveCfg = Release|Win32
		{6AC081D3-1F2B-4D2F-AB48-967AD93C2A8A}.Release|x86.Build.0 = Release|Win32
		{4F6C29C4-A5CA-447D-9EEF-9E028AAF5649}.Debug|x64.ActiveCfg = Debug|x64
		{4F6C29C4-A5CA-447D-9EEF-9E028AAF5649}.Debug|x64.Build.0 = Debug|x64
		{4F6C29C4-A5CA-447D-9EEF-9E028AAF5649}.Debug|x86.ActiveCfg = Debug|Win32
		{4F6C29C4-A5CA-447D-9EEF-9E028AAF5649}.Debug|x86.Build.0 = Debug|Win32
		{4F6C29C4-A5CA-447D-9EEF-9E028AAF5649}.Release|x64.ActiveCfg = Release|x64
		{4F6C29C4-A5CA-447D-9EEF-9E028AAF5649}.Release|x64.Build.0 = Release|x64
		{4F6C29C4-A5CA-447D-9EEF-9E028AAF5649}.Release|x86.ActiveCfg = Release|Win32
		{4F6C29C4-A5CA-447D-9EEF-9E028AAF5649}.Release|x86.Build.0 = Release|Win32
		{9E82DAF3-3F76-4E71-9A90-3D830742A3AB}.Debug|x64.ActiveCfg = Debug|x64
		{9E82DAF3-3F76-4E71-9A90-3D830742A3AB}.Debug|x64.Build.0 = Debug|x64
		{9E82DAF3-3F76-4E71-9A90-3D830742A3AB}.Debug|x86.ActiveCfg = Debug|Win32
		{9E82DAF3-3F76-4E71-9A90-3D830742A3AB}.Debug|x86.Build.0 = Debug|Win32
		{9E82DAF3-3F76-4E71-9A90-3D830742A3AB}.Release|x64.ActiveCfg = Release|x64
		{9E82DAF3-3F76-4E71-9A90-3D830742A3AB}.Release|x64.Build.0 = Release|x64
		{9E82DAF3-3F76-4E71-9A90-3D830742A3AB}.Release|x86.ActiveCfg = Release|Win32
		{9E82DAF3-3F76-4E71-9A90-3D830742A3AB}.Release|x86.Build.0 = Release|Win32
		{45D96B0C-C793-4F03-878B-935E8D9F89B4}.Debug|x64.ActiveCfg = Debug|x64
		{45D96B0C-C793-4F03-878B-935E8D9F89B4}.Debug|x64.Build.0 = Debug|x64
		{45D96B0C-C793-4F03-878B-935E8D9F89B4}.Debug|x86.ActiveCfg = Debug|Win32
		{45D96B0C-C793-4F03-878B-935E8D9F89B4}.Debug|x86.Build.0 = Debug|Win32
		{45D96B0C-C793-4F03-878B-935E8D9F89B4}.Release|x64.ActiveCfg = Release|x64
		{45D96B0C-C793-4F03-878B-935E8D9F89B4}.Release|x64.Build.0 = Release|x64
		{45D96B0C-C793-4F03-878B-935E8D9F89B4}.Release|x86.ActiveCfg = Release|Win32
		{45D96B0C-C793-4F03-878B-935E8D9F89B4}.Release|x86.Build.0 = Release|Win32
		{7D65E703-EFBB-49E4-8801-B152D48D2C6A}.Debug|x64.ActiveCfg = Debug|x64
		{7D65E703-EFBB-49E4-8801-B152D48D2C6A}.Debug|x64.Build.0 = Debug|x64
		{7D65E703-EFBB-49E4-8801-B152D48D2C6A}.Debug|x86.ActiveCfg = Debug|Win32
		{7D65E703-EFBB-49E4-8801-B152D48D2C6A}.Debug|x86.Build.0 = Debug|Win32
		{7D65E703-EFBB-49E4-8801-B152D48D2C6A}.Release|x64.ActiveCfg = Release|x64
		{7D65E703-EFBB-49E4-8801-B152D48D2C6A}.Release|x64.Build.0 = Release|x64
		{7D65E703-EFBB-49E4-8801-B152D48D2C6A}.Release|x86.ActiveCfg = Release|Win32
		{7D65E703-EFBB-49E4-8801-B152D48D2C6A}.Release|x86.Build.0 = Release|Win32
		{33982230-56E5-4664-B59B-74851CF31821}.Debug|x64.ActiveCfg = Debug|x64
		{33982230-56E5-4664-B59B-74851CF31821}.Debug|x64.Build.0 = Debug|x64
		{33982230-56E5-4664-B59B-74851CF31821}.Debug|x86.ActiveCfg = Debug|Win32
		{33982230-56E5-4664-B59B-74851CF31821}.Debug|x86.Build.0 = Debug|Win32
		{33982230-56E5-4664-B59B-74851CF31821}.Release|x64.ActiveCfg = Release|x64
		{33982230-56E5-4664-B59B-74851CF31821}.Release|x64.Build.0 = Release|x64
		{33982230-56E5-4664-B59B-74851CF31821}.Release|x86.ActiveCfg = Release|Win32
		{33982230-56E5-4664-B59B-74851CF31821}.Release|x86.Build.0 = Release|Win32
		{2913541E-1A58-431B-BB52-6E546135E6AB}.Debug|x64.ActiveCfg = Debug|x64
		{2913541E-1A58-431B-BB52-6E546135E6AB}.Debug|x64.Build.0 = Debug|x64
		{2913541E-1A58-431B-BB52-6E546135E6AB}.Debug|x86.ActiveCfg = Debug|Win32
		{2913541E-1A58-431B-BB52-6E546135E6AB}.Debug|x86.Build.0 = Debug|Win32
		{2913541E-1A58-431B-BB52-6E546135E6AB}.Release|x64.ActiveCfg = Release|x64
		{2913541E-1A58-431B-BB52-6E546135E6AB}.Release|x64.Build.0 = Release|x64
		{2913541E-1A58-431B-BB52-6E546135E6AB}.Release|x86.ActiveCfg = Release|Win32
		{2913541E-1A58-431B-BB52-6E546135E6AB}.Release|x86.Build.0 = Release|Win32
		{CC6617B8-ABD0-47D4-AD31-F97955BAE3D1}.Debug|x64.ActiveCfg = Debug|x64
		{CC6617B8-ABD0-47D4-AD31-F97955BAE3D1}.Debug|x64.Build.0 = Debug|x64
		{CC6617B8-ABD0-47D4-AD31-F97955BAE3D1}.Debug|x86.ActiveCfg = Debug|Win32
		{CC6617B8-ABD0-47D4-AD31-F97955BAE3D1}.Debug|x86.Build.0 = Debug|Win32
		{CC6617B8-ABD0-47D4-AD31-F97955BAE3D1}.Release|x64.ActiveCfg = Release|x64
		{CC6617B8-ABD0-47D4-AD31-F97955BAE3D1}.Release|x64.Build.0 = Release|x64
		{CC6617B8-ABD0-47D4-AD31-F97955BAE3D1}.Release|x86.ActiveCfg = Release|Win32
		{CC6617B8-ABD0-47D4-AD31-F97955BAE3D1}.Release|x86.Build.0 = Release|Win32
		{103A1A4F-A026-4C6B-ACF6-CF7CEA1C075E}.Debug|x64.ActiveCfg = Debug|x64
		{103A1A4F-A026-4C6B-ACF6-CF7CEA1C075E}.Debug|x64.Build.0 = Debug|x64
		{103A1A4F-A026-4C6B-ACF6-CF7CEA1C075E}.Debug|x86.ActiveCfg = Debug|Win32
		{103A1A4F-A026-4C6B-ACF6-CF7CEA1C075E}.Debug|x86.Build.0 = Debug|Win32
		{103A1A4F-A026-4C6B-ACF6-CF7CEA1C075E}.Release|x64.ActiveCfg = Release|x64
		{103A1A4F-A026-4C6B-ACF6-CF7CEA1C075E}.Release|x64.Build.0 = Release|x64
		{103A1A4F-A026-4C6B-ACF6-CF7CEA1C075E}.Release|x86.ActiveCfg = Release|Win32
		{103A1A4F-A026-4C6B-ACF6-CF7CEA1C075E}.Release|x86.Build.0 = Release|Win32
		{1A264ECE-455E-461F-AEDF-0685D13C8EA8}.Debug|x64.ActiveCfg = Debug|x64
		{1A264ECE-455E-461F-AEDF-0685D13C8EA8}.Debug|x64.Build.0 = Debug|x64
		{1A264ECE-455E-461F-AEDF-0685D13C8EA8}.Debug|x86.ActiveCfg = Debug|Win32
		{1A264ECE-455E-461F-AEDF-0685D13C8EA8}.Debug|x86.Build.0 = Debug|Win32
		{1A264ECE-455E-461F-AEDF-0685D13C8EA8}.Release|x64.ActiveCfg = Release|x64
		{1A264ECE-455E-461F-AEDF-0685D13C8EA8}.Release|x64.Build.0 = Release|x64
		{1A264ECE-455E-461F-AEDF-0685D13C8EA8}.Release|x86.ActiveCfg = Release|Win32
		{1A264ECE-455E-461F-AEDF-0685D13C8EA8}.Release|x86.Build.0 = Release|Win32
		{914DF558-B1C1-4AEF-BA8C-C5E900B151B5}.Debug|x64.ActiveCfg = Debug|x64
		{914DF558-B1C1-4AEF-BA8C-C5E900B151B5}.Debug|x64.Build.0 = Debug|x64
		{914DF558-B1C1-4AEF-BA8C-C5E900B151B5}.Debug|x86.ActiveCfg = Debug|Win32
		{914DF558-B1C1-4AEF-BA8C-C5E900B151B5}.Debug|x86.Build.0 = Debug|Win32
		{914DF558-B1C1-4AEF-BA8C-C5E900B151B5}.Release|x64.ActiveCfg = Release|x64
		{914DF558-B1C1-4AEF-BA8C-C5E900B151B5}.Release|x64.Build.0 = Release|x64
		{914DF558-B1C1-4AEF-BA8C-C5E900B151B5}.Release|x86.ActiveCfg = Release|Win32
		{914DF558-B1C1-4AEF-BA8C-C5E900B151B5}.Release|x86.Build.0 = Release|Win32
		{53DC8E9A-79DE-444D-9764-8A869F4E25AE}.Debug|x64.ActiveCfg = Debug|x64
		{53DC8E9A-79DE-444D-9764-8A869F4E25AE}.Debug|x64.Build.0 = Debug|x64
		{53DC8E9A-79DE-444D-9764-8A869F4E25AE}.Debug|x86.ActiveCfg = Debug|Win32
		{53DC8E9A-79DE-444D-9764-8A869F4E25AE}.Debug|x86.Build.0 = Debug|Win32
		{53DC8E9A-79DE-444D-9764-8A869F4E25AE}.Release|x64.ActiveCfg = Release|x64
		{53DC8E9A-79DE-444D-9764-8A869F4E25AE}.Release|x64.Build.0 = Release|x64
		{53DC8E9A-79DE-444D-9764-8A869F4E25AE}.Release|x86.ActiveCfg = Release|Win32
		{53DC8E9A-79DE-444D-9764-8A869F4E25AE}.Release|x86.Build.0 = Release|Win32
		{BDFAD3C1-62AD-4454-9629-CFD2F14249E3}.Debug|x64.ActiveCfg = Debug|x64
		{BDFAD3C1-62AD-4454-9629-CFD2F14249E3}.Debug|x64.Build.0 = Debug|x64
		{BDFAD3C1-62AD-4454-9629-CFD2F14249E3}.Debug|x86.ActiveCfg = Debug|Win32
		{BDFAD3C1-62AD-4454-9629-CFD2F14249E3}.Debug|x86.Build.0 = Debug|Win32
		{BDFAD3C1-62AD-4454-9629-CFD2F14249E3}.Release|x64.ActiveCfg = Release|x64
		{BDFAD3C1-62AD-4454-9629-CFD2F14249E3}.Release|x64.Build.0 = Release|x64
		{BDFAD3C1-62AD-4454-9629-CFD2F14249E3}.Release|x86.ActiveCfg = Release|Win32
		{BDFAD3C1-62AD-4454-9629-CFD2F14249E3}.Release|x86.Build.0 = Release|Win32
		{05E37C1F-188E-4374-969E-60582876A434}.Debug|x64.ActiveCfg = Debug|x64
		{05E37C1F-188E-4374-969E-60582876A434}.Debug|x64.Build.0 = Debug|x64
		{05E37C1F-188E-4374-969E-60582876A434}.Debug|x86.ActiveCfg = Debug|Win32
		{05E37C1F-188E-4374-969E-60582876A434}.Debug|x86.Build.0 = Debug|Win32
		{05E37C1F-188E-4374-969E-60582876A434}.Release|x64.ActiveCfg = Release|x64
		{05E37C1F-188E-4374-969E-60582876A434}.Release|x64.Build.0 = Release|x64
		{05E37C1F-188E-4374-969E-60582876A434}.Release|x86.ActiveCfg = Release|Win32
		{05E37C1F-188E-4374-969E-60582876A434}.Release|x86.Build.0 = Release|Win32
		{40F5C6E7-E272-4899-A5EB-13107408CE4B}.Debug|x64.ActiveCfg = Debug|x64
		{40F5C6E7-E272-4899-A5EB-13107408CE4B}.Debug|x64.Build.0 = Debug|x64
		{40F5C6E7-E272-4899-A5EB-13107408CE4B}.Debug|x86.ActiveCfg = Debug|Win32
		{40F5C6E7-E272-4899-A5EB-13107408CE4B}.Debug|x86.Build.0 = Debug|Win32
		{40F5C6E7-E272-4899-A5EB-13107408CE4B}.Release|x64.ActiveCfg = Release|x64
		{40F5C6E7-E272-4899-A5EB-13107408CE4B}.Release|x64.Build.0 = Release|x64
		{40F5C6E7-E272-4899-A5EB-13107408CE4B}.Release|x86.ActiveCfg = Release|Win32
		{40F5C6E7-E272-4899-A5EB-13107408CE4B}.Release|x86.Build.0 = Release|Win32
		{BBBD9341-A877-4B03-8DFF-BEA397A09E9A}.Debug|x64.ActiveCfg = Debug|x64
		{BBBD9341-A877-4B03-8DFF-BEA397A09E9A}.Debug|x64.Build.0 = Debug|x64
		{BBBD9341-A877-4B03-8DFF-BEA397A09E9A}.Debug|x86.ActiveCfg = Debug|Win32
		{BBBD9341-A877-4B03-8DFF-BEA397A09E9A}.Debug|x86.Build.0 = Debug|Win32
		{BBBD9341-A877-4B03-8DFF-BEA397A09E9A}.Release|x64.ActiveCfg = Release|x64
		{BBBD9341-A877-4B03-8DFF-BEA397A09E9A}.Release|x64.Build.0 = Release|x64
		{BBBD9341-A877-4B03-8DFF-BEA397A09E9A}.Release|x86.ActiveCfg = Release|Win32
		{BBBD9341-A877-4B03-8DFF-BEA397A09E9A}.Release|x86.Build.0 = Release|Win32
		{295BB2AC-26CE-4938-84A6-1A256D695E44}.Debug|x64.ActiveCfg = Debug|x64
		{295BB2AC-26CE-4938-84A6-1A256D695E44}.Debug|x64.Build.0 = Debug|x64
		{295BB2AC-26CE-4938-84A6-1A256D695E44}.Debug|x86.ActiveCfg = Debug|Win32
		{295BB2AC-26CE-4938-84A6-1A256D695E44}.Debug|x86.Build.0 = Debug|Win32
		{295BB2AC-26CE-4938-84A6-1A256D695E44}.Release|x64.ActiveCfg = Release|x64
		{295BB2AC-26CE-4938-84A6-1A256D695E44}.Release|x64.Build.0 = Release|x64
		{295BB2AC-26CE-4938-84A6-1A256D695E44}.Release|x86.ActiveCfg = Release|Win32
		{295BB2AC-26CE-4938-84A6-1A256D695E44}.Release|x86.Build.0 = Release|Win32
		{98B90A34-C4CA-4EC9-BD53-20A9FA65FB94}.Debug|x64.ActiveCfg = Debug|x64
		{98B90A34-C4CA-4EC9-BD53-20A9FA65FB94}.Debug|x64.Build.0 = Debug|x64
		{98B90A34-C4CA-4EC9-BD53-20A9FA65FB94}.Debug|x86.ActiveCfg = Debug|Win32
		{98B90A34-C4CA-4EC9-BD53-20A9FA65FB94}.Debug|x86.Build.0 = Debug|Win32
		{98B90A34-C4CA-4EC9-BD53-20A9FA65FB94}.Release|x64.ActiveCfg = Release|x64
		{98B90A34-C4CA-4EC9-BD53-20A9FA65FB94}.Release|x64.Build.0 = Release|x64
		{98B90A34-C4CA-4EC9-BD53-20A9FA65FB94}.Release|x86.ActiveCfg = Release|Win32
		{98B90A34-C4CA-4EC9-BD53-20A9FA65FB94}.Release|x86.Build.0 = Release|Win32
		{6FA2D5A2-8C1C-48B7-9740-77FEBACD0C53}.Debug|x64.ActiveCfg = Debug|x64
		{6FA2D5A2-8C1C-48B7-9740-77FEBACD0C53}.Debug|x64.Build.0 = Debug|x64
		{6FA2D5A2-8C1C-48B7-9740-77FEBACD0C53}.Debug|x86.ActiveCfg = Debug|Win32
		{6FA2D5A2-8C1C-48B7-9740-77FEBACD0C53}.Debug|x86.Build.0 = Debug|Win32
		{6FA2D5A2-8C1C-48B7-9740-77FEBACD0C53}.Release|x64.ActiveCfg = Release|x64
		{6FA2D5A2-8C1C-48B7-9740-77FEBACD0C53}.Release|x64.Build.0 = Release|x64
		{6FA2D5A2-8C1C-48B7-9740-77FEBACD0C53}.Release|x86.ActiveCfg = Release|Win32
		{6FA2D5A2-8C1C-48B7-9740-77FEBACD0C53}.Release|x86.Build.0 = Release|Win32
		{8F8EDFDD-E45A-41D9-8843-E462A42216F7}.Debug|x64.ActiveCfg = Debug|x64
		{8F8EDFDD-E45A-41D9-8843-E462A42216F7}.Debug|x64.Build.0 = Debug|x64
		{8F8EDFDD-E45A-41D9-8843-E462A42216F7}.Debug|x86.ActiveCfg = Debug|Win32
		{8F8EDFDD-E45A-41D9-8843-E462A42216F7}.Debug|x86.Build.0 = Debug|Win32
		{8F8EDFDD-E45A-41D9-8843-E462A42216F7}.Release|x64.ActiveCfg = Release|x64
		{8F8EDFDD-E45A-41D9-8843-E462A42216F7}.Release|x64.Build.0 = Release|x64
		{8F8EDFDD-E45A-41D9-8843-E462A42216F7}.Release|x86.ActiveCfg = Release|Win32
		{8F8EDFDD-E45A-41D9-8843-E462A42216F7}.Release|x86.Build.0 = Release|Win32
		{A53E3C53-48BC-4D6C-A61F-7D0128574BD2}.Debug|x64.ActiveCfg = Debug|x64
		{A53E3C53-48BC-4D6C-A61F-7D0128574BD2}.Debug|x64.Build.0 = Debug|x64
		{A53E3C53-48BC-4D6C-A61F-7D0128574BD2}.Debug|x86.ActiveCfg = Debug|Win32
		{A53E3C53-48BC-4D6C-A61F-7D0128574BD2}.Debug|x86.Build.0 = Debug|Win32
		{A53E3C53-48BC-4D6C-A61F-7D0128574BD2}.Release|x64.ActiveCfg = Release|x64
		{A53E3C53-48BC-4D6C-A61F-7D0128574BD2}.Release|x64.Build.0 = Release|x64
		{A53E3C53-48BC-4D6C-A61F-7D0128574BD2}.Release|x86.ActiveCfg = Release|Win32
		{A53E3C53-48BC-4D6C-A61F-7D0128574BD2}.Release|x86.Build.0 = Release|Win32
		{80B6E3F2-7BC8-4AFD-98F9-3AB7703A4A2C}.Debug|x64.ActiveCfg = Debug|x64
		{80B6E3F2-7BC8-4AFD-98F9-3AB7703A4A2C}.Debug|x64.Build.0 = Debug|x64
		{80B6E3F2-7BC8-4AFD-98F9-3AB7703A4A2C}.Debug|x86.ActiveCfg = Debug|Win32
		{80B6E3F2-7BC8-4AFD-98F9-3AB7703A4A2C}.Debug|x86.Build.0 = Debug|Win32
		{80B6E3F2-7BC8-4AFD-98F9-3AB7703A4A2C}.Release|x64.ActiveCfg = Release|x64
		{80B6E3F2-7BC8-4AFD-98F9-3AB7703A4A2C}.Release|x64.Build.0 = Release|x64
		{80B6E3F2-7BC8-4AFD-98F9-3AB7703A4A2C}.Release|x86.ActiveCfg = Release|Win32
		{80B6E3F2-7BC8-4AFD-98F9-3AB7703A4A2C}.Release|x86.Build.0 = Release|Win32
		{7921BA97-3283-4EA8-A364-4A9A5635E7E6}.Debug|x64.ActiveCfg = Debug|x64
		{7921BA97-3283-4EA8-A364-4A9A5635E7E6}.Debug|x64.Build.0 = Debug|x64
		{7921BA97-3283-4EA8-A364-4A9A5635E7E6}.Debug|x86.ActiveCfg = Debug|Win32
		{7921BA97-3283-4EA8-A364-4A9A5635E7E6}.Debug|x86.Build.0 = Debug|Win32
		{7921BA97-3283-4EA8-A364-4A9A5635E7E6}.Release|x64.ActiveCfg = Release|x64
		{7921BA97-3283-4EA8-A364-4A9A5635E7E6}.Release|x64.Build.0 = Release|x64
		{7921BA97-3283-4EA8-A364-4A9A5635E7E6}.Release|x86.ActiveCfg = Release|Win32
		{7921BA97-3283-4EA8-A364-4A9A5635E7E6}.Release|x86.Build.0 = Release|Win32
		{19D9FC2B-B5DD-4ED7-9B7F-D26DF8FF7400}.Debug|x64.ActiveCfg = Debug|x64
		{19D9FC2B-B5DD-4ED7-9B7F-D26DF8FF7400}.Debug|x64.Build.0 = Debug|x64
		{19D9FC2B-B5DD-4ED7-9B7F-D26DF8FF7400}.Debug|x86.ActiveCfg = Debug|Win32
		{19D9FC2B-B5DD-4ED7-9B7F-D26DF8FF7400}.Debug|x86.Build.0 = Debug|Win32
		{19D9FC2B-B5DD-4ED7-9B7F-D26DF8FF7400}.Release|x64.ActiveCfg = Release|x64
		{19D9FC2B-B5DD-4ED7-9B7F-D26DF8FF7400}.Release|x64.Build.0 = Release|x64
		{19D9FC2B-B5DD-4ED7-9B7F-D26DF8FF7400}.Release|x86.ActiveCfg = Release|Win32
		{19D9FC2B-B5DD-4ED7-9B7F-D26DF8FF7400}.Release|x86.Build.0 = Release|Win32
		{6908BD18-7C3C-4F22-8D69-52423CDE6C65}.Debug|x64.ActiveCfg = Debug|x64
		{6908BD18-7C3C-4F22-8D69-52423CDE6C65}.Debug|x64.Build.0 = Debug|x64
		{6908BD18-7C3C-4F22-8D69-52423CDE6C65}.Debug|x86.ActiveCfg = Debug|Win32
		{6908BD18-7C3C-4F22-8D69-52423CDE6C65}.Debug|x86.Build.0 = Debug|Win32
		{6908BD18-7C3C-4F22-8D69-52423CDE6C65}.Release|x64.ActiveCfg = Release|x64
		{6908BD18-7C3C-4F22-8D69-52423CDE6C65}.Release|x64.Build.0 = Release|x64
		{6908BD18-7C3C-4F22-8D69-52423CDE6C65}.Release|x86.ActiveCfg = Release|Win32
		{6908BD18-7C3C-4F22-8D69-52423CDE6C65}.Release|x86.Build.0 = Release|Win32
		{43A5FBF5-5B0A-47DC-9BB5-D4E3F4420444}.Debug|x64.ActiveCfg = Debug|x64
		{43A5FBF5-5B0A-47DC-9BB5-D4E3F4420444}.Debug|x64.Build.0 = Debug|x64
		{43A5FBF5-5B0A-47DC-9BB5-D4E3F4420444}.Debug|x86.ActiveCfg = Debug|Win32
		{43A5FBF5-5B0A-47DC-9BB5-D4E3F4420444}.Debug|x86.Build.0 = Debug|Win32
		{43A5FBF5-5B0A-47DC-9BB5-D4E3F4420444}.Release|x64.ActiveCfg = Release|x64
		{43A5FBF5-5B0A-47DC-9BB5-D4E3F4420444}.Release|x64.Build.0 = Release|x64
		{43A5FBF5-5B0A-47DC-9BB5-D4E3F4420444}.Release|x86.ActiveCfg = Release|Win32
		{43A5FBF5-5B0A-47DC-9BB5-D4E3F4420444}.Release|x86.Build.0 = Release|Win32
		{8B38C772-A611-4959-B838-206C859857C5}.Debug|x64.ActiveCfg = Debug|x64
		{8B38C772-A611-4959-B838-206C859857C5}.Debug|x64.Build.0 = Debug|x64
		{8B38C772-A611-4959-B838-206C859857C5}.Debug|x86.ActiveCfg = Debug|Win32
		{8B38C772-A611-4959-B838-206C859857C5}.Debug|x86.Build.0 = Debug|Win32
		{8B38C772-A611-4959-B838-206C859857C5}.Release|x64.ActiveCfg = Release|x64
		{8B38C772-A611-4959-B838-206C859857C5}.Release|x64.Build.0 = Release|x64
		{8B38C772-A611-4959-B838-206C859857C5}.Release|x86.ActiveCfg = Release|Win32
		{8B38C772-A611-4959-B838-206C859857C5}.Release|x86.Build.0 = Release|Win32
		{8A93667E-79FE-49EC-99BA-75B42E06A616}.Debug|x64.ActiveCfg = Debug|x64
		{8A93667E-79FE-49EC-99BA-75B42E06A616}.Debug|x64.Build.0 = Debug|x64
		{8A93667E-79FE-49EC-99BA-75B42E06A616}.Debug|x86.ActiveCfg = Debug|Win32
		{8A93667E-79FE-49EC-99BA-75B42E06A616}.Debug|x86.Build.0 = Debug|Win32
		{8A93667E-79FE-49EC-99BA-75B42E06A616}.Release|x64.ActiveCfg = Release|x64
		{8A93667E-79FE-49EC-99BA-75B42E06A616}.Release|x64.Build.0 = Release|x64
		{8A93667E-79FE-49EC-99BA-75B42E06A616}.Release|x86.ActiveCfg = Release|Win32
		{8A93667E-79FE-49EC-99BA-75B42E06A616}.Release|x86.Build.0 = Release|Win32
		{8BD22A2C-EEB2-4E5C-BE75-AECB0496CB47}.Debug|x64.ActiveCfg = Debug|x64
		{8BD22A2C-EEB2-4E5C-BE75-AECB0496CB47}.Debug|x64.Build.0 = Debug|x64
		{8BD22A2C-EEB2-4E5C-BE75-AECB0496CB47}.Debug|x86.ActiveCfg = Debug|Win32
		{8BD22A2C-EEB2-4E5C-BE75-AECB0496CB47}.Debug|x86.Build.0 = Debug|Win32
		{8BD22A2C-EEB2-4E5C-BE75-AECB0496CB47}.Release|x64.ActiveCfg = Release|x64
		{8BD22A2C-EEB2-4E5C-BE75-AECB0496CB47}.Release|x64.Build.0 = Release|x64
		{8BD22A2C-EEB2-4E5C-BE75-AECB0496CB47}.Release|x86.ActiveCfg = Release|Win32
		{8BD22A2C-EEB2-4E5C-BE75-AECB0496CB47}.Release|x86.Build.0 = Release|Win32
		{F622A1A6-D38D-48E6-A550-E3C42CD792BF}.Debug|x64.ActiveCfg = Debug|x64
		{F622A1A6-D38D-48E6-A550-E3C42CD792BF}.Debug|x64.Build.0 = Debug|x64
		{F622A1A6-D38D-48E6-A550-E3C42CD792BF}.Debug|x86.ActiveCfg = Debug|Win32
		{F622A1A6-D38D-48E6-A550-E3C42CD792BF}.Debug|x86.Build.0 = Debug|Win32
		{F622A1A6-D38D-48E6-A550-E3C42CD792BF}.Release|x64.ActiveCfg = Release|x64
		{F622A1A6-D38D-48E6-A550-E3C42CD792BF}.Release|x64.Build.0 = Release|x64
		{F622A1A6-D38D-48E6-A550-E3C42CD792BF}.Release|x86.ActiveCfg = Release|Win32
		{F622A1A6-D38D-48E6-A550-E3C42CD792BF}.Release|x86.Build.0 = Release|Win32
		{9B22E0CA-2A1E-43AA-9CA7-CE5DA98F434A}.Debug|x64.ActiveCfg = Debug|x64
		{9B22E0CA-2A1E-43AA-9CA7-CE5DA98F434A}.Debug|x64.Build.0 = Debug|x64
		{9B22E0CA-2A1E-43AA-9CA7-CE5DA98F434A}.Debug|x86.ActiveCfg = Debug|Win32
		{9B22E0CA-2A1E-43AA-9CA7-CE5DA98F434A}.Debug|x86.Build.0 = Debug|Win32
		{9B22E0CA-2A1E-43AA-9CA7-CE5DA98F434A}.Release|x64.ActiveCfg = Release|x64
		{9B22E0CA-2A1E-43AA-9CA7-CE5DA98F434A}.Release|x64.Build.0 = Release|x64
		{9B22E0CA-2A1E-43AA-9CA7-CE5DA98F434A}.Release|x86.ActiveCfg = Release|Win32
		{9B22E0CA-2A1E-43AA-9CA7-CE5DA98F434A}.Release|x86.Build.0 = Release|Win32
		{A4CD1C32-3A31-4CC4-A73F-90134697F7AB}.Debug|x64.ActiveCfg = Debug|x64
		{A4CD1C32-3A31-4CC4-A73F-90134697F7AB}.Debug|x64.Build.0 = Debug|x64
		{A4CD1C32-3A31-4CC4-A73F-90134697F7AB}.Debug|x86.ActiveCfg = Debug|Win32
		{A4CD1C32-3A31-4CC4-A73F-90134697F7AB}.Debug|x86.Build.0 = Debug|Win32
		{A4CD1C32-3A31-4CC4-A73F-90134697F7AB}.Release|x64.ActiveCfg = Release|x64
		{A4CD1C32-3A31-4CC4-A73F-90134697F7AB}.Release|x64.Build.0 = Release|x64
		{A4CD1C32-3A31-4CC4-A73F-90134697F7AB}.Release|x86.ActiveCfg = Release|Win32
		{A4CD1C32-3A31-4CC4-A73F-90134697F7AB}.Release|x86.Build.0 = Release|Win32
		{6E173BDB-78C5-401E-84BF-60AB659DB450}.Debug|x64.ActiveCfg = Debug|x64
		{6E173BDB-78C5-401E-84BF-60AB659DB450}.Debug|x64.Build.0 = Debug|x64
		{6E173BDB-78C5-401E-84BF-60AB659DB450}.Debug|x86.ActiveCfg = Debug|Win32
		{6E173BDB-78C5-401E-84BF-60AB659DB450}.Debug|x86.Build.0 = Debug|Win32
		{6E173BDB-78C5-401E-84BF-60AB659DB450}.Release|x64.ActiveCfg = Release|x64
		{6E173BDB-78C5-401E-84BF-60AB659DB450}.Release|x64.Build.0 = Release|x64
		{6E173BDB-78C5-401E-84BF-60AB659DB450}.Release|x86.ActiveCfg = Release|Win32
		{6E173BDB-78C5-401E-84BF-60AB659DB450}.Release|x86.Build.0 = Release|Win32
	EndGlobalSection
	GlobalSection(SolutionProperties) = preSolution
		HideSolutionNode = FALSE
	EndGlobalSection
	GlobalSection(NestedProjects) = preSolution
		{16A569C0-A3A7-4C6C-B650-EE1AE80FD834} = {9DEBB352-7D8B-4E06-9799-A8D3505E7352}
		{A8FC49B0-73F8-4252-908F-C29F2E479DA6} = {DF8BE603-0D22-4120-B2A4-44F7FD14406F}
		{7EA4AEA7-C3B9-459D-A384-C3ED9252FD3E} = {9DEBB352-7D8B-4E06-9799-A8D3505E7352}
		{68AFF1EA-170E-4458-B1CA-956284B35AD8} = {9DEBB352-7D8B-4E06-9799-A8D3505E7352}
		{26DB6EF7-D3C5-4811-A474-8B127FA1DDFD} = {F47B01B5-C04E-4D7B-AF2E-367F0F745179}
		{6AC081D3-1F2B-4D2F-AB48-967AD93C2A8A} = {9DEBB352-7D8B-4E06-9799-A8D3505E7352}
		{4F6C29C4-A5CA-447D-9EEF-9E028AAF5649} = {F47B01B5-C04E-4D7B-AF2E-367F0F745179}
		{9E82DAF3-3F76-4E71-9A90-3D830742A3AB} = {C1340DA2-1BEF-4CF1-B8F6-2FEA5C20A054}
		{45D96B0C-C793-4F03-878B-935E8D9F89B4} = {C1340DA2-1BEF-4CF1-B8F6-2FEA5C20A054}
		{C1340DA2-1BEF-4CF1-B8F6-2FEA5C20A054} = {42662479-5E37-419D-8226-197F253AB099}
		{FDE382DF-83D6-4F2C-BD4C-5D00DE6C0608} = {42662479-5E37-419D-8226-197F253AB099}
		{7D65E703-EFBB-49E4-8801-B152D48D2C6A} = {FDE382DF-83D6-4F2C-BD4C-5D00DE6C0608}
		{33982230-56E5-4664-B59B-74851CF31821} = {FDE382DF-83D6-4F2C-BD4C-5D00DE6C0608}
		{B2EB472D-1A37-4091-8CD9-E74CECDA3751} = {42662479-5E37-419D-8226-197F253AB099}
		{2913541E-1A58-431B-BB52-6E546135E6AB} = {B2EB472D-1A37-4091-8CD9-E74CECDA3751}
		{CC6617B8-ABD0-47D4-AD31-F97955BAE3D1} = {B2EB472D-1A37-4091-8CD9-E74CECDA3751}
		{57128C36-5525-4A40-A55B-F6C389E1DDDC} = {42662479-5E37-419D-8226-197F253AB099}
		{103A1A4F-A026-4C6B-ACF6-CF7CEA1C075E} = {57128C36-5525-4A40-A55B-F6C389E1DDDC}
		{1A264ECE-455E-461F-AEDF-0685D13C8EA8} = {57128C36-5525-4A40-A55B-F6C389E1DDDC}
		{41232E1E-8E03-4E9D-87A6-3DA1B83E9A38} = {42662479-5E37-419D-8226-197F253AB099}
		{914DF558-B1C1-4AEF-BA8C-C5E900B151B5} = {41232E1E-8E03-4E9D-87A6-3DA1B83E9A38}
		{53DC8E9A-79DE-444D-9764-8A869F4E25AE} = {41232E1E-8E03-4E9D-87A6-3DA1B83E9A38}
		{9A216FB9-7C4A-4CA7-946B-6BF77E4CB39D} = {41232E1E-8E03-4E9D-87A6-3DA1B83E9A38}
		{BDFAD3C1-62AD-4454-9629-CFD2F14249E3} = {9A216FB9-7C4A-4CA7-946B-6BF77E4CB39D}
		{05E37C1F-188E-4374-969E-60582876A434} = {1A429663-0244-4197-89E3-E3907A86FF0B}
		{40F5C6E7-E272-4899-A5EB-13107408CE4B} = {9A216FB9-7C4A-4CA7-946B-6BF77E4CB39D}
		{BBBD9341-A877-4B03-8DFF-BEA397A09E9A} = {634BD90D-C60A-4B22-93C2-B38BFB1DF543}
		{295BB2AC-26CE-4938-84A6-1A256D695E44} = {634BD90D-C60A-4B22-93C2-B38BFB1DF543}
		{98B90A34-C4CA-4EC9-BD53-20A9FA65FB94} = {634BD90D-C60A-4B22-93C2-B38BFB1DF543}
		{6FA2D5A2-8C1C-48B7-9740-77FEBACD0C53} = {42662479-5E37-419D-8226-197F253AB099}
		{8F8EDFDD-E45A-41D9-8843-E462A42216F7} = {BA0B5A26-ECD5-4896-A9D2-A1B020E4FF03}
		{A53E3C53-48BC-4D6C-A61F-7D0128574BD2} = {BA0B5A26-ECD5-4896-A9D2-A1B020E4FF03}
		{80B6E3F2-7BC8-4AFD-98F9-3AB7703A4A2C} = {BA0B5A26-ECD5-4896-A9D2-A1B020E4FF03}
		{7921BA97-3283-4EA8-A364-4A9A5635E7E6} = {634BD90D-C60A-4B22-93C2-B38BFB1DF543}
		{19D9FC2B-B5DD-4ED7-9B7F-D26DF8FF7400} = {9DEBB352-7D8B-4E06-9799-A8D3505E7352}
		{6908BD18-7C3C-4F22-8D69-52423CDE6C65} = {7E00AE0E-C6CF-4719-9465-F620C21A9544}
		{43A5FBF5-5B0A-47DC-9BB5-D4E3F4420444} = {7E00AE0E-C6CF-4719-9465-F620C21A9544}
		{8B38C772-A611-4959-B838-206C859857C5} = {7E00AE0E-C6CF-4719-9465-F620C21A9544}
		{8A93667E-79FE-49EC-99BA-75B42E06A616} = {7E00AE0E-C6CF-4719-9465-F620C21A9544}
		{634BD90D-C60A-4B22-93C2-B38BFB1DF543} = {1A429663-0244-4197-89E3-E3907A86FF0B}
		{8BD22A2C-EEB2-4E5C-BE75-AECB0496CB47} = {634BD90D-C60A-4B22-93C2-B38BFB1DF543}
		{F622A1A6-D38D-48E6-A550-E3C42CD792BF} = {634BD90D-C60A-4B22-93C2-B38BFB1DF543}
		{9B22E0CA-2A1E-43AA-9CA7-CE5DA98F434A} = {634BD90D-C60A-4B22-93C2-B38BFB1DF543}
		{A4CD1C32-3A31-4CC4-A73F-90134697F7AB} = {634BD90D-C60A-4B22-93C2-B38BFB1DF543}
		{6E173BDB-78C5-401E-84BF-60AB659DB450} = {1A429663-0244-4197-89E3-E3907A86FF0B}
	EndGlobalSection
	GlobalSection(ExtensibilityGlobals) = postSolution
		SolutionGuid = {58215DE5-80B4-44F7-AAD1-C52FB203E1A1}
	EndGlobalSection
EndGlobal
